PODS:
  - AFNetworking/NSURLConnection (2.6.0):
    - AFNetworking/Reachability
    - AFNetworking/Security
    - AFNetworking/Serialization
  - AFNetworking/Reachability (2.6.0)
  - AFNetworking/Security (2.6.0)
  - AFNetworking/Serialization (2.6.0)
  - AFOAuth2Manager (2.2.0):
    - AFNetworking/NSURLConnection (~> 2.2)
  - Atlas (1.0.10):
    - LayerKit (>= 0.14.2)
  - Button (3.5.0)
  - FastttCamera (0.3.2):
    - FastttCamera/Default (= 0.3.2)
  - FastttCamera/Default (0.3.2)
  - Hoko (2.1.1)
  - LayerKit (0.15.0)
  - LocationKit (2.2.3)
  - pop (1.0.7)
  - POP+MCAnimate (2.0.1):
    - pop (~> 1.0)
    - POP+MCAnimate/Animations (= 2.0.1)
    - POP+MCAnimate/Group (= 2.0.1)
    - POP+MCAnimate/Internal (= 2.0.1)
    - POP+MCAnimate/Shorthand (= 2.0.1)
    - POP+MCAnimate/Velocity (= 2.0.1)
  - POP+MCAnimate/Animations (2.0.1):
    - pop (~> 1.0)
    - POP+MCAnimate/Group
    - POP+MCAnimate/Internal
    - POP+MCAnimate/Shorthand
    - POP+MCAnimate/Velocity
  - POP+MCAnimate/Group (2.0.1):
    - pop (~> 1.0)
  - POP+MCAnimate/Internal (2.0.1):
    - pop (~> 1.0)
  - POP+MCAnimate/Shorthand (2.0.1):
    - pop (~> 1.0)
  - POP+MCAnimate/Velocity (2.0.1):
    - pop (~> 1.0)
    - POP+MCAnimate/Internal
  - RKNotificationHub (2.0.1)
  - TTTAttributedLabel (1.13.4)

DEPENDENCIES:
  - AFOAuth2Manager
  - Atlas
  - Button
  - FastttCamera
  - Hoko
  - LayerKit
  - LocationKit
  - pop (~> 1.0)
  - POP+MCAnimate (~> 2.0)
  - RKNotificationHub
  - TTTAttributedLabel

SPEC CHECKSUMS:
  AFNetworking: 79f7eb1a0fcfa7beb409332b2ca49afe9ce53b05
  AFOAuth2Manager: 952eb62e8fd8022971e64c6e8fe28b9e999224af
  Atlas: ea8e1559810405c4eaa45eef80b813a12235527c
  Button: 1481c44c7ad0bcff1fcc4ddd5612703b40a9a9c5
  FastttCamera: 4e758cc2bf5564effc654346cac320c09a550164
  Hoko: 4247653c45e359428a38c484c963caf89f2e84d7
  LayerKit: ac8c5c227a06e2ea5e042303b80e931a8ffe3568
  LocationKit: 7da4883157698c8c02dc3b26c4334b011cc7f1e5
  pop: 628ffc631644601567ee8bfaaaea493ebd7d0923
  POP+MCAnimate: a99e209148c602512de487f1160a44bf78572024
  RKNotificationHub: d80905a948c79c11673345f807133a0bfd17e320
  TTTAttributedLabel: 0a2ac7b2dd726d32a070dafb01446026b11e624f

COCOAPODS: 0.37.2
