// !$*UTF8*$!
{
	archiveVersion = 1;
	classes = {
	};
	objectVersion = 46;
	objects = {

/* Begin PBXBuildFile section */
		500910EE19C9FBE9006542CA /* AVFoundation.framework in Frameworks */ = {isa = PBXBuildFile; fileRef = 500910ED19C9FBE9006542CA /* AVFoundation.framework */; };
		500910F019C9FC06006542CA /* CoreData.framework in Frameworks */ = {isa = PBXBuildFile; fileRef = 500910EF19C9FC06006542CA /* CoreData.framework */; };
		500910F219C9FC69006542CA /* GLKit.framework in Frameworks */ = {isa = PBXBuildFile; fileRef = 500910F119C9FC69006542CA /* GLKit.framework */; };
		500910F419C9FC8D006542CA /* ImageIO.framework in Frameworks */ = {isa = PBXBuildFile; fileRef = 500910F319C9FC8D006542CA /* ImageIO.framework */; };
		500910F619C9FCA9006542CA /* libc++.dylib in Frameworks */ = {isa = PBXBuildFile; fileRef = 500910F519C9FCA9006542CA /* libc++.dylib */; };
		500910F819C9FCB4006542CA /* libicucore.dylib in Frameworks */ = {isa = PBXBuildFile; fileRef = 500910F719C9FCB4006542CA /* libicucore.dylib */; };
		500910FA19C9FCCD006542CA /* OpenGLES.framework in Frameworks */ = {isa = PBXBuildFile; fileRef = 500910F919C9FCCD006542CA /* OpenGLES.framework */; };
		50248C7719BBAAE000329910 /* AudioToolbox.framework in Frameworks */ = {isa = PBXBuildFile; fileRef = 50248C7619BBAAE000329910 /* AudioToolbox.framework */; };
		50248C7919BBAAF800329910 /* CFNetwork.framework in Frameworks */ = {isa = PBXBuildFile; fileRef = 50248C7819BBAAF800329910 /* CFNetwork.framework */; };
		50248C7B19BBAB0300329910 /* CoreGraphics.framework in Frameworks */ = {isa = PBXBuildFile; fileRef = 50248C7A19BBAB0300329910 /* CoreGraphics.framework */; };
		50248C7D19BBAB0A00329910 /* CoreLocation.framework in Frameworks */ = {isa = PBXBuildFile; fileRef = 50248C7C19BBAB0A00329910 /* CoreLocation.framework */; };
		50248C7F19BBAB1300329910 /* libz.dylib in Frameworks */ = {isa = PBXBuildFile; fileRef = 50248C7E19BBAB1300329910 /* libz.dylib */; };
		50248C8119BBAB2000329910 /* MobileCoreServices.framework in Frameworks */ = {isa = PBXBuildFile; fileRef = 50248C8019BBAB2000329910 /* MobileCoreServices.framework */; };
		50248C8319BBAB2800329910 /* QuartzCore.framework in Frameworks */ = {isa = PBXBuildFile; fileRef = 50248C8219BBAB2800329910 /* QuartzCore.framework */; };
		50248C8519BBAB2F00329910 /* Security.framework in Frameworks */ = {isa = PBXBuildFile; fileRef = 50248C8419BBAB2F00329910 /* Security.framework */; };
		50248C8719BBAB3500329910 /* StoreKit.framework in Frameworks */ = {isa = PBXBuildFile; fileRef = 50248C8619BBAB3500329910 /* StoreKit.framework */; };
		50248C8919BBAB3D00329910 /* SystemConfiguration.framework in Frameworks */ = {isa = PBXBuildFile; fileRef = 50248C8819BBAB3D00329910 /* SystemConfiguration.framework */; };
		5028636F1AC213F20029BD15 /* Reachability.m in Sources */ = {isa = PBXBuildFile; fileRef = 5028636E1AC213F20029BD15 /* Reachability.m */; };
		502863871AC3FDDE0029BD15 /* Parse.framework in Frameworks */ = {isa = PBXBuildFile; fileRef = 502863811AC3FDDE0029BD15 /* Parse.framework */; };
		502863881AC3FDDE0029BD15 /* ParseCrashReporting.framework in Frameworks */ = {isa = PBXBuildFile; fileRef = 502863821AC3FDDE0029BD15 /* ParseCrashReporting.framework */; };
		5028638A1AC3FDDE0029BD15 /* ParseFacebookUtilsV4.framework in Frameworks */ = {isa = PBXBuildFile; fileRef = 502863841AC3FDDE0029BD15 /* ParseFacebookUtilsV4.framework */; };
		5028638B1AC3FDDE0029BD15 /* ParseUI.framework in Frameworks */ = {isa = PBXBuildFile; fileRef = 502863851AC3FDDE0029BD15 /* ParseUI.framework */; };
		502863961AC3FFF80029BD15 /* Bolts.framework in Frameworks */ = {isa = PBXBuildFile; fileRef = 502863901AC3FFF80029BD15 /* Bolts.framework */; };
		502863971AC3FFF80029BD15 /* FBAudienceNetwork.framework in Frameworks */ = {isa = PBXBuildFile; fileRef = 502863911AC3FFF80029BD15 /* FBAudienceNetwork.framework */; };
		502863981AC3FFF80029BD15 /* FBSDKCoreKit.framework in Frameworks */ = {isa = PBXBuildFile; fileRef = 502863921AC3FFF80029BD15 /* FBSDKCoreKit.framework */; };
		502863991AC3FFF80029BD15 /* FBSDKLoginKit.framework in Frameworks */ = {isa = PBXBuildFile; fileRef = 502863931AC3FFF80029BD15 /* FBSDKLoginKit.framework */; };
		5028639A1AC3FFF80029BD15 /* FBSDKMessengerShareKit.framework in Frameworks */ = {isa = PBXBuildFile; fileRef = 502863941AC3FFF80029BD15 /* FBSDKMessengerShareKit.framework */; };
		5028639B1AC3FFF80029BD15 /* FBSDKShareKit.framework in Frameworks */ = {isa = PBXBuildFile; fileRef = 502863951AC3FFF80029BD15 /* FBSDKShareKit.framework */; };
		5031EBEC1A939489007E3523 /* webViewController.m in Sources */ = {isa = PBXBuildFile; fileRef = 5031EBEB1A939489007E3523 /* webViewController.m */; };
		503ECF671A506815009D30F1 /* MFActivityIndicatorView.m in Sources */ = {isa = PBXBuildFile; fileRef = 503ECF661A506815009D30F1 /* MFActivityIndicatorView.m */; };
		5041A0F71A44AC1000C151B7 /* Images.xcassets in Resources */ = {isa = PBXBuildFile; fileRef = 5041A0BE1A44AC1000C151B7 /* Images.xcassets */; };
		50478EAE1A44DB8D00161D01 /* SplashScreens.m in Sources */ = {isa = PBXBuildFile; fileRef = 50478EAD1A44DB8D00161D01 /* SplashScreens.m */; };
		50478EBB1A44DBCC00161D01 /* ChoosingLocation.m in Sources */ = {isa = PBXBuildFile; fileRef = 50478EB01A44DBCC00161D01 /* ChoosingLocation.m */; };
		50478EBC1A44DBCC00161D01 /* FirstTimeScreen.m in Sources */ = {isa = PBXBuildFile; fileRef = 50478EB21A44DBCC00161D01 /* FirstTimeScreen.m */; };
		50478EBD1A44DBCC00161D01 /* InitialLocationSearch.m in Sources */ = {isa = PBXBuildFile; fileRef = 50478EB41A44DBCC00161D01 /* InitialLocationSearch.m */; };
		50478EBE1A44DBCC00161D01 /* LogInExistingUser.m in Sources */ = {isa = PBXBuildFile; fileRef = 50478EB61A44DBCC00161D01 /* LogInExistingUser.m */; };
		50478EBF1A44DBCC00161D01 /* LoginView.m in Sources */ = {isa = PBXBuildFile; fileRef = 50478EB81A44DBCC00161D01 /* LoginView.m */; };
		50478EC31A44DCAD00161D01 /* PageContentViewController.m in Sources */ = {isa = PBXBuildFile; fileRef = 50478EC21A44DCAD00161D01 /* PageContentViewController.m */; };
		50478ED21A44DD2400161D01 /* buttonOverride.m in Sources */ = {isa = PBXBuildFile; fileRef = 50478EC51A44DD2400161D01 /* buttonOverride.m */; };
		50478ED31A44DD2400161D01 /* EditEventTVC.m in Sources */ = {isa = PBXBuildFile; fileRef = 50478EC71A44DD2400161D01 /* EditEventTVC.m */; };
		50478ED41A44DD2400161D01 /* EventTVC.m in Sources */ = {isa = PBXBuildFile; fileRef = 50478EC91A44DD2400161D01 /* EventTVC.m */; };
		50478ED51A44DD2400161D01 /* ExtraInfoTVC.m in Sources */ = {isa = PBXBuildFile; fileRef = 50478ECB1A44DD2400161D01 /* ExtraInfoTVC.m */; };
		50478ED61A44DD2400161D01 /* LocationSearching.m in Sources */ = {isa = PBXBuildFile; fileRef = 50478ECD1A44DD2400161D01 /* LocationSearching.m */; };
		50478ED71A44DD2400161D01 /* MyEventsTVC.m in Sources */ = {isa = PBXBuildFile; fileRef = 50478ECF1A44DD2400161D01 /* MyEventsTVC.m */; };
		50478ED81A44DD2400161D01 /* showMyEventVC.m in Sources */ = {isa = PBXBuildFile; fileRef = 50478ED11A44DD2400161D01 /* showMyEventVC.m */; };
		50478EE71A44DD6C00161D01 /* CustomCalendarActivity.m in Sources */ = {isa = PBXBuildFile; fileRef = 50478EDA1A44DD6C00161D01 /* CustomCalendarActivity.m */; };
		50478EE81A44DD6C00161D01 /* DraggableView.m in Sources */ = {isa = PBXBuildFile; fileRef = 50478EDC1A44DD6C00161D01 /* DraggableView.m */; };
		50478EE91A44DD6C00161D01 /* DraggableViewBackground.m in Sources */ = {isa = PBXBuildFile; fileRef = 50478EDE1A44DD6C00161D01 /* DraggableViewBackground.m */; };
		50478EEA1A44DD6C00161D01 /* DragViewController.m in Sources */ = {isa = PBXBuildFile; fileRef = 50478EE01A44DD6C00161D01 /* DragViewController.m */; };
		50478EEB1A44DD6C00161D01 /* FlippedDVB.m in Sources */ = {isa = PBXBuildFile; fileRef = 50478EE21A44DD6C00161D01 /* FlippedDVB.m */; };
		50478EEC1A44DD6C00161D01 /* moreDetailFromCard.m in Sources */ = {isa = PBXBuildFile; fileRef = 50478EE41A44DD6C00161D01 /* moreDetailFromCard.m */; };
		50478EED1A44DD6C00161D01 /* OverlayView.m in Sources */ = {isa = PBXBuildFile; fileRef = 50478EE61A44DD6C00161D01 /* OverlayView.m */; };
		50478EF21A44DD9800161D01 /* SettingsChoosingLoc.m in Sources */ = {isa = PBXBuildFile; fileRef = 50478EEF1A44DD9800161D01 /* SettingsChoosingLoc.m */; };
		50478EF31A44DD9800161D01 /* SettingsTVC.m in Sources */ = {isa = PBXBuildFile; fileRef = 50478EF11A44DD9800161D01 /* SettingsTVC.m */; };
		50478EF81A44DDE300161D01 /* LeftToRightSegue.m in Sources */ = {isa = PBXBuildFile; fileRef = 50478EF51A44DDE300161D01 /* LeftToRightSegue.m */; };
		50478EF91A44DDE300161D01 /* RightToLeftSegue.m in Sources */ = {isa = PBXBuildFile; fileRef = 50478EF71A44DDE300161D01 /* RightToLeftSegue.m */; };
		50478F001A44DE0500161D01 /* AttendEvent.m in Sources */ = {isa = PBXBuildFile; fileRef = 50478EFB1A44DE0500161D01 /* AttendEvent.m */; };
		50478F011A44DE0500161D01 /* AttendTableCell.m in Sources */ = {isa = PBXBuildFile; fileRef = 50478EFD1A44DE0500161D01 /* AttendTableCell.m */; };
		50478F021A44DE0500161D01 /* moreDetailFromTable.m in Sources */ = {isa = PBXBuildFile; fileRef = 50478EFF1A44DE0500161D01 /* moreDetailFromTable.m */; };
		50478F091A44DE1F00161D01 /* MapViewController.m in Sources */ = {isa = PBXBuildFile; fileRef = 50478F041A44DE1F00161D01 /* MapViewController.m */; };
		50478F0A1A44DE1F00161D01 /* CupertinoYankee.m in Sources */ = {isa = PBXBuildFile; fileRef = 50478F061A44DE1F00161D01 /* CupertinoYankee.m */; };
		50478F0B1A44DE1F00161D01 /* SearchBar.m in Sources */ = {isa = PBXBuildFile; fileRef = 50478F081A44DE1F00161D01 /* SearchBar.m */; };
		50478F141A44DE6900161D01 /* AppDelegate.m in Sources */ = {isa = PBXBuildFile; fileRef = 50478F0E1A44DE6900161D01 /* AppDelegate.m */; };
		50478F171A44DE6900161D01 /* Main.storyboard in Resources */ = {isa = PBXBuildFile; fileRef = 50478F111A44DE6900161D01 /* Main.storyboard */; };
		50478F181A44DE6900161D01 /* TabBarViewController.m in Sources */ = {isa = PBXBuildFile; fileRef = 50478F131A44DE6900161D01 /* TabBarViewController.m */; };
		50478F251A45049300161D01 /* MyEventTableCell.m in Sources */ = {isa = PBXBuildFile; fileRef = 50478F241A45049300161D01 /* MyEventTableCell.m */; };
		50512F051AB389B600118FD9 /* UIButton+Extensions.m in Sources */ = {isa = PBXBuildFile; fileRef = 50512F041AB389B600118FD9 /* UIButton+Extensions.m */; };
		50512F111ABB51DB00118FD9 /* ProfileSettingsTVC.m in Sources */ = {isa = PBXBuildFile; fileRef = 50512F101ABB51DB00118FD9 /* ProfileSettingsTVC.m */; };
		50512F171ABB6E9100118FD9 /* NotificationsTVC.m in Sources */ = {isa = PBXBuildFile; fileRef = 50512F161ABB6E9100118FD9 /* NotificationsTVC.m */; };
		50512F1D1ABB714000118FD9 /* PrivacyTVC.m in Sources */ = {isa = PBXBuildFile; fileRef = 50512F1C1ABB714000118FD9 /* PrivacyTVC.m */; };
		50512F251ABB719700118FD9 /* SVIndefiniteAnimatedView.m in Sources */ = {isa = PBXBuildFile; fileRef = 50512F201ABB719700118FD9 /* SVIndefiniteAnimatedView.m */; };
		50512F261ABB719700118FD9 /* SVProgressHUD.bundle in Resources */ = {isa = PBXBuildFile; fileRef = 50512F221ABB719700118FD9 /* SVProgressHUD.bundle */; };
		50512F271ABB719700118FD9 /* SVProgressHUD.m in Sources */ = {isa = PBXBuildFile; fileRef = 50512F241ABB719700118FD9 /* SVProgressHUD.m */; };
		50594CD01A2FAD1B00749B49 /* AddressBook.framework in Frameworks */ = {isa = PBXBuildFile; fileRef = 50594CCF1A2FAD1B00749B49 /* AddressBook.framework */; };
		505CDD571A65B5BA005876DC /* Accounts.framework in Frameworks */ = {isa = PBXBuildFile; fileRef = 505CDD561A65B5BA005876DC /* Accounts.framework */; };
		505CDD591A65B5BF005876DC /* Social.framework in Frameworks */ = {isa = PBXBuildFile; fileRef = 505CDD581A65B5BF005876DC /* Social.framework */; };
		505CDD5B1A65B5D0005876DC /* libsqlite3.0.dylib in Frameworks */ = {isa = PBXBuildFile; fileRef = 505CDD5A1A65B5D0005876DC /* libsqlite3.0.dylib */; };
		505CDD5D1A65B5DF005876DC /* libstdc++.6.0.9.dylib in Frameworks */ = {isa = PBXBuildFile; fileRef = 505CDD5C1A65B5DF005876DC /* libstdc++.6.0.9.dylib */; };
		505F9FBC1A98C33B00CE5C7E /* EventKit.framework in Frameworks */ = {isa = PBXBuildFile; fileRef = 505F9FBA1A98C33B00CE5C7E /* EventKit.framework */; };
		505F9FBD1A98C33B00CE5C7E /* EventKitUI.framework in Frameworks */ = {isa = PBXBuildFile; fileRef = 505F9FBB1A98C33B00CE5C7E /* EventKitUI.framework */; };
		506961FC1A8F122C009CB5DB /* ExternalProfileTVC.m in Sources */ = {isa = PBXBuildFile; fileRef = 506961FB1A8F122C009CB5DB /* ExternalProfileTVC.m */; };
		506DC53E1A46014300DD4591 /* OpenSans-Bold.ttf in Resources */ = {isa = PBXBuildFile; fileRef = 50478F191A44DF1500161D01 /* OpenSans-Bold.ttf */; };
		506DC53F1A46014300DD4591 /* OpenSans-BoldItalic.ttf in Resources */ = {isa = PBXBuildFile; fileRef = 50478F1A1A44DF1500161D01 /* OpenSans-BoldItalic.ttf */; };
		506DC5411A46014300DD4591 /* OpenSans-ExtraBoldItalic.ttf in Resources */ = {isa = PBXBuildFile; fileRef = 50478F1C1A44DF1500161D01 /* OpenSans-ExtraBoldItalic.ttf */; };
		506DC5421A46014300DD4591 /* OpenSans-Italic.ttf in Resources */ = {isa = PBXBuildFile; fileRef = 50478F1D1A44DF1500161D01 /* OpenSans-Italic.ttf */; };
		506DC5431A46014300DD4591 /* OpenSans-Light.ttf in Resources */ = {isa = PBXBuildFile; fileRef = 50478F1E1A44DF1500161D01 /* OpenSans-Light.ttf */; };
		506DC5441A46014300DD4591 /* OpenSans-LightItalic.ttf in Resources */ = {isa = PBXBuildFile; fileRef = 50478F1F1A44DF1500161D01 /* OpenSans-LightItalic.ttf */; };
		506DC5451A46014300DD4591 /* OpenSans-Regular.ttf in Resources */ = {isa = PBXBuildFile; fileRef = 50478F201A44DF1500161D01 /* OpenSans-Regular.ttf */; };
		506DC5461A46014300DD4591 /* OpenSans-Semibold.ttf in Resources */ = {isa = PBXBuildFile; fileRef = 50478F211A44DF1500161D01 /* OpenSans-Semibold.ttf */; };
		506DC5471A46014300DD4591 /* OpenSans-SemiboldItalic.ttf in Resources */ = {isa = PBXBuildFile; fileRef = 50478F221A44DF1500161D01 /* OpenSans-SemiboldItalic.ttf */; };
		506DFD801A60A94600715079 /* UIImage+ImageEffects.m in Sources */ = {isa = PBXBuildFile; fileRef = 506DFD7F1A60A94600715079 /* UIImage+ImageEffects.m */; };
		506DFD831A6113CF00715079 /* FXBlurView.m in Sources */ = {isa = PBXBuildFile; fileRef = 506DFD821A6113CF00715079 /* FXBlurView.m */; };
		507677D31A88761100B9F21D /* ProfileTVC.m in Sources */ = {isa = PBXBuildFile; fileRef = 507677D21A88761100B9F21D /* ProfileTVC.m */; };
		5076B5C51A58A0E300B05ABB /* libsqlite3.dylib in Frameworks */ = {isa = PBXBuildFile; fileRef = 5076B5C41A58A0E300B05ABB /* libsqlite3.dylib */; };
		508FC9A41A8B04A300BF246B /* DragMapViewController.m in Sources */ = {isa = PBXBuildFile; fileRef = 508FC9A31A8B04A300BF246B /* DragMapViewController.m */; };
		509248F71A58819D002BE584 /* EditExtraInfoTVC.m in Sources */ = {isa = PBXBuildFile; fileRef = 509248F61A58819D002BE584 /* EditExtraInfoTVC.m */; };
		50965A641A76A6DB00EDF5FC /* dropdownSettingsView.m in Sources */ = {isa = PBXBuildFile; fileRef = 50965A631A76A6DB00EDF5FC /* dropdownSettingsView.m */; };
		50A677691A58A57800E1E12A /* Info.plist in Resources */ = {isa = PBXBuildFile; fileRef = 50478F0F1A44DE6900161D01 /* Info.plist */; };
		50A677761A59B67C00E1E12A /* RKDropdownAlert.m in Sources */ = {isa = PBXBuildFile; fileRef = 50A677751A59B67C00E1E12A /* RKDropdownAlert.m */; };
		50BA96391AC5DDD2006A8A13 /* InitialVC.m in Sources */ = {isa = PBXBuildFile; fileRef = 50BA96381AC5DDD2006A8A13 /* InitialVC.m */; };
		50BF2CE31A75531B00160B5E /* movieLoginVC.m in Sources */ = {isa = PBXBuildFile; fileRef = 50BF2CE21A75531B00160B5E /* movieLoginVC.m */; };
		50BF2CE61A758D8300160B5E /* RKSwipeBetweenViewControllers.m in Sources */ = {isa = PBXBuildFile; fileRef = 50BF2CE51A758D8300160B5E /* RKSwipeBetweenViewControllers.m */; };
		50C2938F1A83D37A00F9185C /* Happening Intro vid.mp4 in Resources */ = {isa = PBXBuildFile; fileRef = 50C2938E1A83D37A00F9185C /* Happening Intro vid.mp4 */; };
		50D255A41A6388A10086B7A4 /* OpenSans-Extrabold.ttf in Resources */ = {isa = PBXBuildFile; fileRef = 50478F1B1A44DF1500161D01 /* OpenSans-Extrabold.ttf */; };
		50F7DEA51A5643A6008B8C2B /* main.m in Sources */ = {isa = PBXBuildFile; fileRef = 50478F101A44DE6900161D01 /* main.m */; };
		50F7DEA71A5794D6008B8C2B /* MessageUI.framework in Frameworks */ = {isa = PBXBuildFile; fileRef = 50F7DEA61A5794D5008B8C2B /* MessageUI.framework */; };
		50F7DEAA1A57B4B8008B8C2B /* UICountingLabel.m in Sources */ = {isa = PBXBuildFile; fileRef = 50F7DEA91A57B4B8008B8C2B /* UICountingLabel.m */; };
		50F7DEAD1A585021008B8C2B /* NewEventFrequencyTVC.m in Sources */ = {isa = PBXBuildFile; fileRef = 50F7DEAC1A585021008B8C2B /* NewEventFrequencyTVC.m */; };
		50FA6B891A7ECC35009AA6A0 /* TutorialDragView.m in Sources */ = {isa = PBXBuildFile; fileRef = 50FA6B881A7ECC35009AA6A0 /* TutorialDragView.m */; };
/* End PBXBuildFile section */

/* Begin PBXContainerItemProxy section */
		50D252E31A6385DC0086B7A4 /* PBXContainerItemProxy */ = {
			isa = PBXContainerItemProxy;
			containerPortal = 50248C2E19BBA4C300329910 /* Project object */;
			proxyType = 1;
			remoteGlobalIDString = 50248C3519BBA4C300329910;
			remoteInfo = Happening;
		};
/* End PBXContainerItemProxy section */

/* Begin PBXFileReference section */
		500910ED19C9FBE9006542CA /* AVFoundation.framework */ = {isa = PBXFileReference; lastKnownFileType = wrapper.framework; name = AVFoundation.framework; path = System/Library/Frameworks/AVFoundation.framework; sourceTree = SDKROOT; };
		500910EF19C9FC06006542CA /* CoreData.framework */ = {isa = PBXFileReference; lastKnownFileType = wrapper.framework; name = CoreData.framework; path = System/Library/Frameworks/CoreData.framework; sourceTree = SDKROOT; };
		500910F119C9FC69006542CA /* GLKit.framework */ = {isa = PBXFileReference; lastKnownFileType = wrapper.framework; name = GLKit.framework; path = System/Library/Frameworks/GLKit.framework; sourceTree = SDKROOT; };
		500910F319C9FC8D006542CA /* ImageIO.framework */ = {isa = PBXFileReference; lastKnownFileType = wrapper.framework; name = ImageIO.framework; path = System/Library/Frameworks/ImageIO.framework; sourceTree = SDKROOT; };
		500910F519C9FCA9006542CA /* libc++.dylib */ = {isa = PBXFileReference; lastKnownFileType = "compiled.mach-o.dylib"; name = "libc++.dylib"; path = "usr/lib/libc++.dylib"; sourceTree = SDKROOT; };
		500910F719C9FCB4006542CA /* libicucore.dylib */ = {isa = PBXFileReference; lastKnownFileType = "compiled.mach-o.dylib"; name = libicucore.dylib; path = usr/lib/libicucore.dylib; sourceTree = SDKROOT; };
		500910F919C9FCCD006542CA /* OpenGLES.framework */ = {isa = PBXFileReference; lastKnownFileType = wrapper.framework; name = OpenGLES.framework; path = System/Library/Frameworks/OpenGLES.framework; sourceTree = SDKROOT; };
		50248C3619BBA4C300329910 /* Happening.app */ = {isa = PBXFileReference; explicitFileType = wrapper.application; includeInIndex = 0; path = Happening.app; sourceTree = BUILT_PRODUCTS_DIR; };
		50248C7619BBAAE000329910 /* AudioToolbox.framework */ = {isa = PBXFileReference; lastKnownFileType = wrapper.framework; name = AudioToolbox.framework; path = System/Library/Frameworks/AudioToolbox.framework; sourceTree = SDKROOT; };
		50248C7819BBAAF800329910 /* CFNetwork.framework */ = {isa = PBXFileReference; lastKnownFileType = wrapper.framework; name = CFNetwork.framework; path = System/Library/Frameworks/CFNetwork.framework; sourceTree = SDKROOT; };
		50248C7A19BBAB0300329910 /* CoreGraphics.framework */ = {isa = PBXFileReference; lastKnownFileType = wrapper.framework; name = CoreGraphics.framework; path = System/Library/Frameworks/CoreGraphics.framework; sourceTree = SDKROOT; };
		50248C7C19BBAB0A00329910 /* CoreLocation.framework */ = {isa = PBXFileReference; lastKnownFileType = wrapper.framework; name = CoreLocation.framework; path = System/Library/Frameworks/CoreLocation.framework; sourceTree = SDKROOT; };
		50248C7E19BBAB1300329910 /* libz.dylib */ = {isa = PBXFileReference; lastKnownFileType = "compiled.mach-o.dylib"; name = libz.dylib; path = usr/lib/libz.dylib; sourceTree = SDKROOT; };
		50248C8019BBAB2000329910 /* MobileCoreServices.framework */ = {isa = PBXFileReference; lastKnownFileType = wrapper.framework; name = MobileCoreServices.framework; path = System/Library/Frameworks/MobileCoreServices.framework; sourceTree = SDKROOT; };
		50248C8219BBAB2800329910 /* QuartzCore.framework */ = {isa = PBXFileReference; lastKnownFileType = wrapper.framework; name = QuartzCore.framework; path = System/Library/Frameworks/QuartzCore.framework; sourceTree = SDKROOT; };
		50248C8419BBAB2F00329910 /* Security.framework */ = {isa = PBXFileReference; lastKnownFileType = wrapper.framework; name = Security.framework; path = System/Library/Frameworks/Security.framework; sourceTree = SDKROOT; };
		50248C8619BBAB3500329910 /* StoreKit.framework */ = {isa = PBXFileReference; lastKnownFileType = wrapper.framework; name = StoreKit.framework; path = System/Library/Frameworks/StoreKit.framework; sourceTree = SDKROOT; };
		50248C8819BBAB3D00329910 /* SystemConfiguration.framework */ = {isa = PBXFileReference; lastKnownFileType = wrapper.framework; name = SystemConfiguration.framework; path = System/Library/Frameworks/SystemConfiguration.framework; sourceTree = SDKROOT; };
		5028636D1AC213F20029BD15 /* Reachability.h */ = {isa = PBXFileReference; fileEncoding = 4; lastKnownFileType = sourcecode.c.h; name = Reachability.h; path = Happening/Extras/Reachability.h; sourceTree = SOURCE_ROOT; };
		5028636E1AC213F20029BD15 /* Reachability.m */ = {isa = PBXFileReference; fileEncoding = 4; lastKnownFileType = sourcecode.c.objc; name = Reachability.m; path = Happening/Extras/Reachability.m; sourceTree = SOURCE_ROOT; };
		502863811AC3FDDE0029BD15 /* Parse.framework */ = {isa = PBXFileReference; lastKnownFileType = wrapper.framework; name = Parse.framework; path = "Happening/Frameworks/parse-library/Parse.framework"; sourceTree = "<group>"; };
		502863821AC3FDDE0029BD15 /* ParseCrashReporting.framework */ = {isa = PBXFileReference; lastKnownFileType = wrapper.framework; name = ParseCrashReporting.framework; path = "Happening/Frameworks/parse-library/ParseCrashReporting.framework"; sourceTree = "<group>"; };
		502863841AC3FDDE0029BD15 /* ParseFacebookUtilsV4.framework */ = {isa = PBXFileReference; lastKnownFileType = wrapper.framework; name = ParseFacebookUtilsV4.framework; path = "Happening/Frameworks/parse-library/ParseFacebookUtilsV4.framework"; sourceTree = "<group>"; };
		502863851AC3FDDE0029BD15 /* ParseUI.framework */ = {isa = PBXFileReference; lastKnownFileType = wrapper.framework; name = ParseUI.framework; path = "Happening/Frameworks/parse-library/ParseUI.framework"; sourceTree = "<group>"; };
		502863901AC3FFF80029BD15 /* Bolts.framework */ = {isa = PBXFileReference; lastKnownFileType = wrapper.framework; name = Bolts.framework; path = Happening/Frameworks/FacebookSDK/Bolts.framework; sourceTree = "<group>"; };
		502863911AC3FFF80029BD15 /* FBAudienceNetwork.framework */ = {isa = PBXFileReference; lastKnownFileType = wrapper.framework; name = FBAudienceNetwork.framework; path = Happening/Frameworks/FacebookSDK/FBAudienceNetwork.framework; sourceTree = "<group>"; };
		502863921AC3FFF80029BD15 /* FBSDKCoreKit.framework */ = {isa = PBXFileReference; lastKnownFileType = wrapper.framework; name = FBSDKCoreKit.framework; path = Happening/Frameworks/FacebookSDK/FBSDKCoreKit.framework; sourceTree = "<group>"; };
		502863931AC3FFF80029BD15 /* FBSDKLoginKit.framework */ = {isa = PBXFileReference; lastKnownFileType = wrapper.framework; name = FBSDKLoginKit.framework; path = Happening/Frameworks/FacebookSDK/FBSDKLoginKit.framework; sourceTree = "<group>"; };
		502863941AC3FFF80029BD15 /* FBSDKMessengerShareKit.framework */ = {isa = PBXFileReference; lastKnownFileType = wrapper.framework; name = FBSDKMessengerShareKit.framework; path = Happening/Frameworks/FacebookSDK/FBSDKMessengerShareKit.framework; sourceTree = "<group>"; };
		502863951AC3FFF80029BD15 /* FBSDKShareKit.framework */ = {isa = PBXFileReference; lastKnownFileType = wrapper.framework; name = FBSDKShareKit.framework; path = Happening/Frameworks/FacebookSDK/FBSDKShareKit.framework; sourceTree = "<group>"; };
		5031EBEA1A939489007E3523 /* webViewController.h */ = {isa = PBXFileReference; fileEncoding = 4; lastKnownFileType = sourcecode.c.h; name = webViewController.h; path = Happening/webViewController.h; sourceTree = SOURCE_ROOT; };
		5031EBEB1A939489007E3523 /* webViewController.m */ = {isa = PBXFileReference; fileEncoding = 4; lastKnownFileType = sourcecode.c.objc; name = webViewController.m; path = Happening/webViewController.m; sourceTree = SOURCE_ROOT; };
		503483081A65AF4F00249594 /* libdyld.dylib */ = {isa = PBXFileReference; lastKnownFileType = "compiled.mach-o.dylib"; name = libdyld.dylib; path = usr/lib/system/libdyld.dylib; sourceTree = SDKROOT; };
		503ECF651A506815009D30F1 /* MFActivityIndicatorView.h */ = {isa = PBXFileReference; fileEncoding = 4; lastKnownFileType = sourcecode.c.h; name = MFActivityIndicatorView.h; path = Happening/Extras/MFActivityIndicatorView.h; sourceTree = SOURCE_ROOT; };
		503ECF661A506815009D30F1 /* MFActivityIndicatorView.m */ = {isa = PBXFileReference; fileEncoding = 4; lastKnownFileType = sourcecode.c.objc; name = MFActivityIndicatorView.m; path = Happening/Extras/MFActivityIndicatorView.m; sourceTree = SOURCE_ROOT; };
		504068421A44B13A00C2CA81 /* Info.plist */ = {isa = PBXFileReference; fileEncoding = 4; lastKnownFileType = text.plist.xml; name = Info.plist; path = HappeningTests/Info.plist; sourceTree = SOURCE_ROOT; };
		504068481A44B1CF00C2CA81 /* HappeningTests.m */ = {isa = PBXFileReference; fileEncoding = 4; lastKnownFileType = sourcecode.c.objc; name = HappeningTests.m; path = HappeningTests/HappeningTests.m; sourceTree = SOURCE_ROOT; };
		5041A0BE1A44AC1000C151B7 /* Images.xcassets */ = {isa = PBXFileReference; lastKnownFileType = folder.assetcatalog; name = Images.xcassets; path = Happening/Images.xcassets; sourceTree = SOURCE_ROOT; };
		50478EAC1A44DB8D00161D01 /* SplashScreens.h */ = {isa = PBXFileReference; fileEncoding = 4; lastKnownFileType = sourcecode.c.h; name = SplashScreens.h; path = "Happening/Login Flow/SplashScreens.h"; sourceTree = SOURCE_ROOT; };
		50478EAD1A44DB8D00161D01 /* SplashScreens.m */ = {isa = PBXFileReference; fileEncoding = 4; lastKnownFileType = sourcecode.c.objc; name = SplashScreens.m; path = "Happening/Login Flow/SplashScreens.m"; sourceTree = SOURCE_ROOT; };
		50478EAF1A44DBCC00161D01 /* ChoosingLocation.h */ = {isa = PBXFileReference; fileEncoding = 4; lastKnownFileType = sourcecode.c.h; name = ChoosingLocation.h; path = "Happening/Login Flow/ChoosingLocation.h"; sourceTree = SOURCE_ROOT; };
		50478EB01A44DBCC00161D01 /* ChoosingLocation.m */ = {isa = PBXFileReference; fileEncoding = 4; lastKnownFileType = sourcecode.c.objc; name = ChoosingLocation.m; path = "Happening/Login Flow/ChoosingLocation.m"; sourceTree = SOURCE_ROOT; };
		50478EB11A44DBCC00161D01 /* FirstTimeScreen.h */ = {isa = PBXFileReference; fileEncoding = 4; lastKnownFileType = sourcecode.c.h; name = FirstTimeScreen.h; path = "Happening/Login Flow/FirstTimeScreen.h"; sourceTree = SOURCE_ROOT; };
		50478EB21A44DBCC00161D01 /* FirstTimeScreen.m */ = {isa = PBXFileReference; fileEncoding = 4; lastKnownFileType = sourcecode.c.objc; name = FirstTimeScreen.m; path = "Happening/Login Flow/FirstTimeScreen.m"; sourceTree = SOURCE_ROOT; };
		50478EB31A44DBCC00161D01 /* InitialLocationSearch.h */ = {isa = PBXFileReference; fileEncoding = 4; lastKnownFileType = sourcecode.c.h; name = InitialLocationSearch.h; path = "Happening/Login Flow/InitialLocationSearch.h"; sourceTree = SOURCE_ROOT; };
		50478EB41A44DBCC00161D01 /* InitialLocationSearch.m */ = {isa = PBXFileReference; fileEncoding = 4; lastKnownFileType = sourcecode.c.objc; name = InitialLocationSearch.m; path = "Happening/Login Flow/InitialLocationSearch.m"; sourceTree = SOURCE_ROOT; };
		50478EB51A44DBCC00161D01 /* LogInExistingUser.h */ = {isa = PBXFileReference; fileEncoding = 4; lastKnownFileType = sourcecode.c.h; name = LogInExistingUser.h; path = "Happening/Login Flow/LogInExistingUser.h"; sourceTree = SOURCE_ROOT; };
		50478EB61A44DBCC00161D01 /* LogInExistingUser.m */ = {isa = PBXFileReference; fileEncoding = 4; lastKnownFileType = sourcecode.c.objc; name = LogInExistingUser.m; path = "Happening/Login Flow/LogInExistingUser.m"; sourceTree = SOURCE_ROOT; };
		50478EB71A44DBCC00161D01 /* LoginView.h */ = {isa = PBXFileReference; fileEncoding = 4; lastKnownFileType = sourcecode.c.h; name = LoginView.h; path = "Happening/Login Flow/LoginView.h"; sourceTree = SOURCE_ROOT; };
		50478EB81A44DBCC00161D01 /* LoginView.m */ = {isa = PBXFileReference; fileEncoding = 4; lastKnownFileType = sourcecode.c.objc; name = LoginView.m; path = "Happening/Login Flow/LoginView.m"; sourceTree = SOURCE_ROOT; };
		50478EC11A44DCAD00161D01 /* PageContentViewController.h */ = {isa = PBXFileReference; fileEncoding = 4; lastKnownFileType = sourcecode.c.h; name = PageContentViewController.h; path = "Happening/Login Flow/PageContentViewController.h"; sourceTree = SOURCE_ROOT; };
		50478EC21A44DCAD00161D01 /* PageContentViewController.m */ = {isa = PBXFileReference; fileEncoding = 4; lastKnownFileType = sourcecode.c.objc; name = PageContentViewController.m; path = "Happening/Login Flow/PageContentViewController.m"; sourceTree = SOURCE_ROOT; };
		50478EC41A44DD2400161D01 /* buttonOverride.h */ = {isa = PBXFileReference; fileEncoding = 4; lastKnownFileType = sourcecode.c.h; name = buttonOverride.h; path = "Happening/Create Tab/buttonOverride.h"; sourceTree = SOURCE_ROOT; };
		50478EC51A44DD2400161D01 /* buttonOverride.m */ = {isa = PBXFileReference; fileEncoding = 4; lastKnownFileType = sourcecode.c.objc; name = buttonOverride.m; path = "Happening/Create Tab/buttonOverride.m"; sourceTree = SOURCE_ROOT; };
		50478EC61A44DD2400161D01 /* EditEventTVC.h */ = {isa = PBXFileReference; fileEncoding = 4; lastKnownFileType = sourcecode.c.h; name = EditEventTVC.h; path = "Happening/Create Tab/EditEventTVC.h"; sourceTree = SOURCE_ROOT; };
		50478EC71A44DD2400161D01 /* EditEventTVC.m */ = {isa = PBXFileReference; fileEncoding = 4; lastKnownFileType = sourcecode.c.objc; name = EditEventTVC.m; path = "Happening/Create Tab/EditEventTVC.m"; sourceTree = SOURCE_ROOT; };
		50478EC81A44DD2400161D01 /* EventTVC.h */ = {isa = PBXFileReference; fileEncoding = 4; lastKnownFileType = sourcecode.c.h; name = EventTVC.h; path = "Happening/Create Tab/EventTVC.h"; sourceTree = SOURCE_ROOT; };
		50478EC91A44DD2400161D01 /* EventTVC.m */ = {isa = PBXFileReference; fileEncoding = 4; lastKnownFileType = sourcecode.c.objc; name = EventTVC.m; path = "Happening/Create Tab/EventTVC.m"; sourceTree = SOURCE_ROOT; };
		50478ECA1A44DD2400161D01 /* ExtraInfoTVC.h */ = {isa = PBXFileReference; fileEncoding = 4; lastKnownFileType = sourcecode.c.h; name = ExtraInfoTVC.h; path = "Happening/Create Tab/ExtraInfoTVC.h"; sourceTree = SOURCE_ROOT; };
		50478ECB1A44DD2400161D01 /* ExtraInfoTVC.m */ = {isa = PBXFileReference; fileEncoding = 4; lastKnownFileType = sourcecode.c.objc; name = ExtraInfoTVC.m; path = "Happening/Create Tab/ExtraInfoTVC.m"; sourceTree = SOURCE_ROOT; };
		50478ECC1A44DD2400161D01 /* LocationSearching.h */ = {isa = PBXFileReference; fileEncoding = 4; lastKnownFileType = sourcecode.c.h; name = LocationSearching.h; path = "Happening/Create Tab/LocationSearching.h"; sourceTree = SOURCE_ROOT; };
		50478ECD1A44DD2400161D01 /* LocationSearching.m */ = {isa = PBXFileReference; fileEncoding = 4; lastKnownFileType = sourcecode.c.objc; name = LocationSearching.m; path = "Happening/Create Tab/LocationSearching.m"; sourceTree = SOURCE_ROOT; };
		50478ECE1A44DD2400161D01 /* MyEventsTVC.h */ = {isa = PBXFileReference; fileEncoding = 4; lastKnownFileType = sourcecode.c.h; name = MyEventsTVC.h; path = "Happening/Create Tab/MyEventsTVC.h"; sourceTree = SOURCE_ROOT; };
		50478ECF1A44DD2400161D01 /* MyEventsTVC.m */ = {isa = PBXFileReference; fileEncoding = 4; lastKnownFileType = sourcecode.c.objc; name = MyEventsTVC.m; path = "Happening/Create Tab/MyEventsTVC.m"; sourceTree = SOURCE_ROOT; };
		50478ED01A44DD2400161D01 /* showMyEventVC.h */ = {isa = PBXFileReference; fileEncoding = 4; lastKnownFileType = sourcecode.c.h; name = showMyEventVC.h; path = "Happening/Create Tab/showMyEventVC.h"; sourceTree = SOURCE_ROOT; };
		50478ED11A44DD2400161D01 /* showMyEventVC.m */ = {isa = PBXFileReference; fileEncoding = 4; lastKnownFileType = sourcecode.c.objc; name = showMyEventVC.m; path = "Happening/Create Tab/showMyEventVC.m"; sourceTree = SOURCE_ROOT; };
		50478ED91A44DD6C00161D01 /* CustomCalendarActivity.h */ = {isa = PBXFileReference; fileEncoding = 4; lastKnownFileType = sourcecode.c.h; name = CustomCalendarActivity.h; path = "Happening/Discover Tab/CustomCalendarActivity.h"; sourceTree = SOURCE_ROOT; };
		50478EDA1A44DD6C00161D01 /* CustomCalendarActivity.m */ = {isa = PBXFileReference; fileEncoding = 4; lastKnownFileType = sourcecode.c.objc; name = CustomCalendarActivity.m; path = "Happening/Discover Tab/CustomCalendarActivity.m"; sourceTree = SOURCE_ROOT; };
		50478EDB1A44DD6C00161D01 /* DraggableView.h */ = {isa = PBXFileReference; fileEncoding = 4; lastKnownFileType = sourcecode.c.h; name = DraggableView.h; path = "Happening/Discover Tab/DraggableView.h"; sourceTree = SOURCE_ROOT; };
		50478EDC1A44DD6C00161D01 /* DraggableView.m */ = {isa = PBXFileReference; fileEncoding = 4; lastKnownFileType = sourcecode.c.objc; name = DraggableView.m; path = "Happening/Discover Tab/DraggableView.m"; sourceTree = SOURCE_ROOT; };
		50478EDD1A44DD6C00161D01 /* DraggableViewBackground.h */ = {isa = PBXFileReference; fileEncoding = 4; lastKnownFileType = sourcecode.c.h; name = DraggableViewBackground.h; path = "Happening/Discover Tab/DraggableViewBackground.h"; sourceTree = SOURCE_ROOT; };
		50478EDE1A44DD6C00161D01 /* DraggableViewBackground.m */ = {isa = PBXFileReference; fileEncoding = 4; lastKnownFileType = sourcecode.c.objc; name = DraggableViewBackground.m; path = "Happening/Discover Tab/DraggableViewBackground.m"; sourceTree = SOURCE_ROOT; };
		50478EDF1A44DD6C00161D01 /* DragViewController.h */ = {isa = PBXFileReference; fileEncoding = 4; lastKnownFileType = sourcecode.c.h; name = DragViewController.h; path = "Happening/Discover Tab/DragViewController.h"; sourceTree = SOURCE_ROOT; };
		50478EE01A44DD6C00161D01 /* DragViewController.m */ = {isa = PBXFileReference; fileEncoding = 4; lastKnownFileType = sourcecode.c.objc; name = DragViewController.m; path = "Happening/Discover Tab/DragViewController.m"; sourceTree = SOURCE_ROOT; };
		50478EE11A44DD6C00161D01 /* FlippedDVB.h */ = {isa = PBXFileReference; fileEncoding = 4; lastKnownFileType = sourcecode.c.h; name = FlippedDVB.h; path = "Happening/Discover Tab/FlippedDVB.h"; sourceTree = SOURCE_ROOT; };
		50478EE21A44DD6C00161D01 /* FlippedDVB.m */ = {isa = PBXFileReference; fileEncoding = 4; lastKnownFileType = sourcecode.c.objc; name = FlippedDVB.m; path = "Happening/Discover Tab/FlippedDVB.m"; sourceTree = SOURCE_ROOT; };
		50478EE31A44DD6C00161D01 /* moreDetailFromCard.h */ = {isa = PBXFileReference; fileEncoding = 4; lastKnownFileType = sourcecode.c.h; name = moreDetailFromCard.h; path = "Happening/Discover Tab/moreDetailFromCard.h"; sourceTree = SOURCE_ROOT; };
		50478EE41A44DD6C00161D01 /* moreDetailFromCard.m */ = {isa = PBXFileReference; fileEncoding = 4; lastKnownFileType = sourcecode.c.objc; name = moreDetailFromCard.m; path = "Happening/Discover Tab/moreDetailFromCard.m"; sourceTree = SOURCE_ROOT; };
		50478EE51A44DD6C00161D01 /* OverlayView.h */ = {isa = PBXFileReference; fileEncoding = 4; lastKnownFileType = sourcecode.c.h; name = OverlayView.h; path = "Happening/Discover Tab/OverlayView.h"; sourceTree = SOURCE_ROOT; };
		50478EE61A44DD6C00161D01 /* OverlayView.m */ = {isa = PBXFileReference; fileEncoding = 4; lastKnownFileType = sourcecode.c.objc; name = OverlayView.m; path = "Happening/Discover Tab/OverlayView.m"; sourceTree = SOURCE_ROOT; };
		50478EEE1A44DD9800161D01 /* SettingsChoosingLoc.h */ = {isa = PBXFileReference; fileEncoding = 4; lastKnownFileType = sourcecode.c.h; name = SettingsChoosingLoc.h; path = "Happening/Discover Tab/Settings/SettingsChoosingLoc.h"; sourceTree = SOURCE_ROOT; };
		50478EEF1A44DD9800161D01 /* SettingsChoosingLoc.m */ = {isa = PBXFileReference; fileEncoding = 4; lastKnownFileType = sourcecode.c.objc; name = SettingsChoosingLoc.m; path = "Happening/Discover Tab/Settings/SettingsChoosingLoc.m"; sourceTree = SOURCE_ROOT; };
		50478EF01A44DD9800161D01 /* SettingsTVC.h */ = {isa = PBXFileReference; fileEncoding = 4; lastKnownFileType = sourcecode.c.h; name = SettingsTVC.h; path = "Happening/Discover Tab/Settings/SettingsTVC.h"; sourceTree = SOURCE_ROOT; };
		50478EF11A44DD9800161D01 /* SettingsTVC.m */ = {isa = PBXFileReference; fileEncoding = 4; lastKnownFileType = sourcecode.c.objc; name = SettingsTVC.m; path = "Happening/Discover Tab/Settings/SettingsTVC.m"; sourceTree = SOURCE_ROOT; };
		50478EF41A44DDE300161D01 /* LeftToRightSegue.h */ = {isa = PBXFileReference; fileEncoding = 4; lastKnownFileType = sourcecode.c.h; name = LeftToRightSegue.h; path = "Happening/Custom Segues/LeftToRightSegue.h"; sourceTree = SOURCE_ROOT; };
		50478EF51A44DDE300161D01 /* LeftToRightSegue.m */ = {isa = PBXFileReference; fileEncoding = 4; lastKnownFileType = sourcecode.c.objc; name = LeftToRightSegue.m; path = "Happening/Custom Segues/LeftToRightSegue.m"; sourceTree = SOURCE_ROOT; };
		50478EF61A44DDE300161D01 /* RightToLeftSegue.h */ = {isa = PBXFileReference; fileEncoding = 4; lastKnownFileType = sourcecode.c.h; name = RightToLeftSegue.h; path = "Happening/Custom Segues/RightToLeftSegue.h"; sourceTree = SOURCE_ROOT; };
		50478EF71A44DDE300161D01 /* RightToLeftSegue.m */ = {isa = PBXFileReference; fileEncoding = 4; lastKnownFileType = sourcecode.c.objc; name = RightToLeftSegue.m; path = "Happening/Custom Segues/RightToLeftSegue.m"; sourceTree = SOURCE_ROOT; };
		50478EFA1A44DE0500161D01 /* AttendEvent.h */ = {isa = PBXFileReference; fileEncoding = 4; lastKnownFileType = sourcecode.c.h; name = AttendEvent.h; path = "Happening/Attend Tab/AttendEvent.h"; sourceTree = SOURCE_ROOT; };
		50478EFB1A44DE0500161D01 /* AttendEvent.m */ = {isa = PBXFileReference; fileEncoding = 4; lastKnownFileType = sourcecode.c.objc; name = AttendEvent.m; path = "Happening/Attend Tab/AttendEvent.m"; sourceTree = SOURCE_ROOT; };
		50478EFC1A44DE0500161D01 /* AttendTableCell.h */ = {isa = PBXFileReference; fileEncoding = 4; lastKnownFileType = sourcecode.c.h; name = AttendTableCell.h; path = "Happening/Attend Tab/AttendTableCell.h"; sourceTree = SOURCE_ROOT; };
		50478EFD1A44DE0500161D01 /* AttendTableCell.m */ = {isa = PBXFileReference; fileEncoding = 4; lastKnownFileType = sourcecode.c.objc; name = AttendTableCell.m; path = "Happening/Attend Tab/AttendTableCell.m"; sourceTree = SOURCE_ROOT; };
		50478EFE1A44DE0500161D01 /* moreDetailFromTable.h */ = {isa = PBXFileReference; fileEncoding = 4; lastKnownFileType = sourcecode.c.h; name = moreDetailFromTable.h; path = "Happening/Attend Tab/moreDetailFromTable.h"; sourceTree = SOURCE_ROOT; };
		50478EFF1A44DE0500161D01 /* moreDetailFromTable.m */ = {isa = PBXFileReference; fileEncoding = 4; lastKnownFileType = sourcecode.c.objc; name = moreDetailFromTable.m; path = "Happening/Attend Tab/moreDetailFromTable.m"; sourceTree = SOURCE_ROOT; };
		50478F031A44DE1F00161D01 /* MapViewController.h */ = {isa = PBXFileReference; fileEncoding = 4; lastKnownFileType = sourcecode.c.h; name = MapViewController.h; path = Happening/Extras/MapViewController.h; sourceTree = SOURCE_ROOT; };
		50478F041A44DE1F00161D01 /* MapViewController.m */ = {isa = PBXFileReference; fileEncoding = 4; lastKnownFileType = sourcecode.c.objc; name = MapViewController.m; path = Happening/Extras/MapViewController.m; sourceTree = SOURCE_ROOT; };
		50478F051A44DE1F00161D01 /* CupertinoYankee.h */ = {isa = PBXFileReference; fileEncoding = 4; lastKnownFileType = sourcecode.c.h; name = CupertinoYankee.h; path = Happening/Extras/CupertinoYankee.h; sourceTree = SOURCE_ROOT; };
		50478F061A44DE1F00161D01 /* CupertinoYankee.m */ = {isa = PBXFileReference; fileEncoding = 4; lastKnownFileType = sourcecode.c.objc; name = CupertinoYankee.m; path = Happening/Extras/CupertinoYankee.m; sourceTree = SOURCE_ROOT; };
		50478F071A44DE1F00161D01 /* SearchBar.h */ = {isa = PBXFileReference; fileEncoding = 4; lastKnownFileType = sourcecode.c.h; name = SearchBar.h; path = Happening/Extras/SearchBar.h; sourceTree = SOURCE_ROOT; };
		50478F081A44DE1F00161D01 /* SearchBar.m */ = {isa = PBXFileReference; fileEncoding = 4; lastKnownFileType = sourcecode.c.objc; name = SearchBar.m; path = Happening/Extras/SearchBar.m; sourceTree = SOURCE_ROOT; };
		50478F0D1A44DE6900161D01 /* AppDelegate.h */ = {isa = PBXFileReference; fileEncoding = 4; lastKnownFileType = sourcecode.c.h; name = AppDelegate.h; path = "Happening/Main Files/AppDelegate.h"; sourceTree = SOURCE_ROOT; };
		50478F0E1A44DE6900161D01 /* AppDelegate.m */ = {isa = PBXFileReference; fileEncoding = 4; lastKnownFileType = sourcecode.c.objc; name = AppDelegate.m; path = "Happening/Main Files/AppDelegate.m"; sourceTree = SOURCE_ROOT; };
		50478F0F1A44DE6900161D01 /* Info.plist */ = {isa = PBXFileReference; fileEncoding = 4; lastKnownFileType = text.plist.xml; name = Info.plist; path = "Happening/Main Files/Info.plist"; sourceTree = SOURCE_ROOT; };
		50478F101A44DE6900161D01 /* main.m */ = {isa = PBXFileReference; fileEncoding = 4; lastKnownFileType = sourcecode.c.objc; name = main.m; path = "Happening/Main Files/main.m"; sourceTree = SOURCE_ROOT; };
		50478F111A44DE6900161D01 /* Main.storyboard */ = {isa = PBXFileReference; fileEncoding = 4; lastKnownFileType = file.storyboard; name = Main.storyboard; path = "Happening/Main Files/Main.storyboard"; sourceTree = SOURCE_ROOT; };
		50478F121A44DE6900161D01 /* TabBarViewController.h */ = {isa = PBXFileReference; fileEncoding = 4; lastKnownFileType = sourcecode.c.h; name = TabBarViewController.h; path = "Happening/Main Files/TabBarViewController.h"; sourceTree = SOURCE_ROOT; };
		50478F131A44DE6900161D01 /* TabBarViewController.m */ = {isa = PBXFileReference; fileEncoding = 4; lastKnownFileType = sourcecode.c.objc; name = TabBarViewController.m; path = "Happening/Main Files/TabBarViewController.m"; sourceTree = SOURCE_ROOT; };
		50478F191A44DF1500161D01 /* OpenSans-Bold.ttf */ = {isa = PBXFileReference; lastKnownFileType = file; name = "OpenSans-Bold.ttf"; path = "Happening/Extras/Open Sans/OpenSans-Bold.ttf"; sourceTree = SOURCE_ROOT; };
		50478F1A1A44DF1500161D01 /* OpenSans-BoldItalic.ttf */ = {isa = PBXFileReference; lastKnownFileType = file; name = "OpenSans-BoldItalic.ttf"; path = "Happening/Extras/Open Sans/OpenSans-BoldItalic.ttf"; sourceTree = SOURCE_ROOT; };
		50478F1B1A44DF1500161D01 /* OpenSans-Extrabold.ttf */ = {isa = PBXFileReference; lastKnownFileType = file; name = "OpenSans-Extrabold.ttf"; path = "Happening/Extras/Open Sans/OpenSans-Extrabold.ttf"; sourceTree = SOURCE_ROOT; };
		50478F1C1A44DF1500161D01 /* OpenSans-ExtraBoldItalic.ttf */ = {isa = PBXFileReference; lastKnownFileType = file; name = "OpenSans-ExtraBoldItalic.ttf"; path = "Happening/Extras/Open Sans/OpenSans-ExtraBoldItalic.ttf"; sourceTree = SOURCE_ROOT; };
		50478F1D1A44DF1500161D01 /* OpenSans-Italic.ttf */ = {isa = PBXFileReference; lastKnownFileType = file; name = "OpenSans-Italic.ttf"; path = "Happening/Extras/Open Sans/OpenSans-Italic.ttf"; sourceTree = SOURCE_ROOT; };
		50478F1E1A44DF1500161D01 /* OpenSans-Light.ttf */ = {isa = PBXFileReference; lastKnownFileType = file; name = "OpenSans-Light.ttf"; path = "Happening/Extras/Open Sans/OpenSans-Light.ttf"; sourceTree = SOURCE_ROOT; };
		50478F1F1A44DF1500161D01 /* OpenSans-LightItalic.ttf */ = {isa = PBXFileReference; lastKnownFileType = file; name = "OpenSans-LightItalic.ttf"; path = "Happening/Extras/Open Sans/OpenSans-LightItalic.ttf"; sourceTree = SOURCE_ROOT; };
		50478F201A44DF1500161D01 /* OpenSans-Regular.ttf */ = {isa = PBXFileReference; lastKnownFileType = file; name = "OpenSans-Regular.ttf"; path = "Happening/Extras/Open Sans/OpenSans-Regular.ttf"; sourceTree = SOURCE_ROOT; };
		50478F211A44DF1500161D01 /* OpenSans-Semibold.ttf */ = {isa = PBXFileReference; lastKnownFileType = file; name = "OpenSans-Semibold.ttf"; path = "Happening/Extras/Open Sans/OpenSans-Semibold.ttf"; sourceTree = SOURCE_ROOT; };
		50478F221A44DF1500161D01 /* OpenSans-SemiboldItalic.ttf */ = {isa = PBXFileReference; lastKnownFileType = file; name = "OpenSans-SemiboldItalic.ttf"; path = "Happening/Extras/Open Sans/OpenSans-SemiboldItalic.ttf"; sourceTree = SOURCE_ROOT; };
		50478F231A45049300161D01 /* MyEventTableCell.h */ = {isa = PBXFileReference; fileEncoding = 4; lastKnownFileType = sourcecode.c.h; name = MyEventTableCell.h; path = "Happening/Create Tab/MyEventTableCell.h"; sourceTree = SOURCE_ROOT; };
		50478F241A45049300161D01 /* MyEventTableCell.m */ = {isa = PBXFileReference; fileEncoding = 4; lastKnownFileType = sourcecode.c.objc; name = MyEventTableCell.m; path = "Happening/Create Tab/MyEventTableCell.m"; sourceTree = SOURCE_ROOT; };
		50512F031AB389B600118FD9 /* UIButton+Extensions.h */ = {isa = PBXFileReference; fileEncoding = 4; lastKnownFileType = sourcecode.c.h; name = "UIButton+Extensions.h"; path = "Happening/Extras/UIButton+Extensions.h"; sourceTree = SOURCE_ROOT; };
		50512F041AB389B600118FD9 /* UIButton+Extensions.m */ = {isa = PBXFileReference; fileEncoding = 4; lastKnownFileType = sourcecode.c.objc; name = "UIButton+Extensions.m"; path = "Happening/Extras/UIButton+Extensions.m"; sourceTree = SOURCE_ROOT; };
		50512F0F1ABB51DB00118FD9 /* ProfileSettingsTVC.h */ = {isa = PBXFileReference; fileEncoding = 4; lastKnownFileType = sourcecode.c.h; name = ProfileSettingsTVC.h; path = "Happening/Create Tab/ProfileSettingsTVC.h"; sourceTree = SOURCE_ROOT; };
		50512F101ABB51DB00118FD9 /* ProfileSettingsTVC.m */ = {isa = PBXFileReference; fileEncoding = 4; lastKnownFileType = sourcecode.c.objc; name = ProfileSettingsTVC.m; path = "Happening/Create Tab/ProfileSettingsTVC.m"; sourceTree = SOURCE_ROOT; };
		50512F151ABB6E9100118FD9 /* NotificationsTVC.h */ = {isa = PBXFileReference; fileEncoding = 4; lastKnownFileType = sourcecode.c.h; name = NotificationsTVC.h; path = "Happening/Create Tab/NotificationsTVC.h"; sourceTree = SOURCE_ROOT; };
		50512F161ABB6E9100118FD9 /* NotificationsTVC.m */ = {isa = PBXFileReference; fileEncoding = 4; lastKnownFileType = sourcecode.c.objc; name = NotificationsTVC.m; path = "Happening/Create Tab/NotificationsTVC.m"; sourceTree = SOURCE_ROOT; };
		50512F1B1ABB714000118FD9 /* PrivacyTVC.h */ = {isa = PBXFileReference; fileEncoding = 4; lastKnownFileType = sourcecode.c.h; name = PrivacyTVC.h; path = "Happening/Create Tab/PrivacyTVC.h"; sourceTree = SOURCE_ROOT; };
		50512F1C1ABB714000118FD9 /* PrivacyTVC.m */ = {isa = PBXFileReference; fileEncoding = 4; lastKnownFileType = sourcecode.c.objc; name = PrivacyTVC.m; path = "Happening/Create Tab/PrivacyTVC.m"; sourceTree = SOURCE_ROOT; };
		50512F1F1ABB719700118FD9 /* SVIndefiniteAnimatedView.h */ = {isa = PBXFileReference; fileEncoding = 4; lastKnownFileType = sourcecode.c.h; path = SVIndefiniteAnimatedView.h; sourceTree = "<group>"; };
		50512F201ABB719700118FD9 /* SVIndefiniteAnimatedView.m */ = {isa = PBXFileReference; fileEncoding = 4; lastKnownFileType = sourcecode.c.objc; path = SVIndefiniteAnimatedView.m; sourceTree = "<group>"; };
		50512F211ABB719700118FD9 /* SVProgressHUD-Prefix.pch */ = {isa = PBXFileReference; fileEncoding = 4; lastKnownFileType = sourcecode.c.h; path = "SVProgressHUD-Prefix.pch"; sourceTree = "<group>"; };
		50512F221ABB719700118FD9 /* SVProgressHUD.bundle */ = {isa = PBXFileReference; lastKnownFileType = "wrapper.plug-in"; path = SVProgressHUD.bundle; sourceTree = "<group>"; };
		50512F231ABB719700118FD9 /* SVProgressHUD.h */ = {isa = PBXFileReference; fileEncoding = 4; lastKnownFileType = sourcecode.c.h; path = SVProgressHUD.h; sourceTree = "<group>"; };
		50512F241ABB719700118FD9 /* SVProgressHUD.m */ = {isa = PBXFileReference; fileEncoding = 4; lastKnownFileType = sourcecode.c.objc; path = SVProgressHUD.m; sourceTree = "<group>"; };
		50594CCF1A2FAD1B00749B49 /* AddressBook.framework */ = {isa = PBXFileReference; lastKnownFileType = wrapper.framework; name = AddressBook.framework; path = System/Library/Frameworks/AddressBook.framework; sourceTree = SDKROOT; };
		505CDD561A65B5BA005876DC /* Accounts.framework */ = {isa = PBXFileReference; lastKnownFileType = wrapper.framework; name = Accounts.framework; path = System/Library/Frameworks/Accounts.framework; sourceTree = SDKROOT; };
		505CDD581A65B5BF005876DC /* Social.framework */ = {isa = PBXFileReference; lastKnownFileType = wrapper.framework; name = Social.framework; path = System/Library/Frameworks/Social.framework; sourceTree = SDKROOT; };
		505CDD5A1A65B5D0005876DC /* libsqlite3.0.dylib */ = {isa = PBXFileReference; lastKnownFileType = "compiled.mach-o.dylib"; name = libsqlite3.0.dylib; path = usr/lib/libsqlite3.0.dylib; sourceTree = SDKROOT; };
		505CDD5C1A65B5DF005876DC /* libstdc++.6.0.9.dylib */ = {isa = PBXFileReference; lastKnownFileType = "compiled.mach-o.dylib"; name = "libstdc++.6.0.9.dylib"; path = "usr/lib/libstdc++.6.0.9.dylib"; sourceTree = SDKROOT; };
		505F9FBA1A98C33B00CE5C7E /* EventKit.framework */ = {isa = PBXFileReference; lastKnownFileType = wrapper.framework; name = EventKit.framework; path = System/Library/Frameworks/EventKit.framework; sourceTree = SDKROOT; };
		505F9FBB1A98C33B00CE5C7E /* EventKitUI.framework */ = {isa = PBXFileReference; lastKnownFileType = wrapper.framework; name = EventKitUI.framework; path = System/Library/Frameworks/EventKitUI.framework; sourceTree = SDKROOT; };
		506961FA1A8F122C009CB5DB /* ExternalProfileTVC.h */ = {isa = PBXFileReference; fileEncoding = 4; lastKnownFileType = sourcecode.c.h; name = ExternalProfileTVC.h; path = "Happening/Discover Tab/ExternalProfileTVC.h"; sourceTree = SOURCE_ROOT; };
		506961FB1A8F122C009CB5DB /* ExternalProfileTVC.m */ = {isa = PBXFileReference; fileEncoding = 4; lastKnownFileType = sourcecode.c.objc; name = ExternalProfileTVC.m; path = "Happening/Discover Tab/ExternalProfileTVC.m"; sourceTree = SOURCE_ROOT; };
		506DFD7E1A60A94600715079 /* UIImage+ImageEffects.h */ = {isa = PBXFileReference; fileEncoding = 4; lastKnownFileType = sourcecode.c.h; name = "UIImage+ImageEffects.h"; path = "Happening/Extras/UIImage+ImageEffects.h"; sourceTree = SOURCE_ROOT; };
		506DFD7F1A60A94600715079 /* UIImage+ImageEffects.m */ = {isa = PBXFileReference; fileEncoding = 4; lastKnownFileType = sourcecode.c.objc; name = "UIImage+ImageEffects.m"; path = "Happening/Extras/UIImage+ImageEffects.m"; sourceTree = SOURCE_ROOT; };
		506DFD811A6113CF00715079 /* FXBlurView.h */ = {isa = PBXFileReference; fileEncoding = 4; lastKnownFileType = sourcecode.c.h; name = FXBlurView.h; path = Happening/Extras/FXBlurView.h; sourceTree = SOURCE_ROOT; };
		506DFD821A6113CF00715079 /* FXBlurView.m */ = {isa = PBXFileReference; fileEncoding = 4; lastKnownFileType = sourcecode.c.objc; name = FXBlurView.m; path = Happening/Extras/FXBlurView.m; sourceTree = SOURCE_ROOT; };
		507677D11A88761100B9F21D /* ProfileTVC.h */ = {isa = PBXFileReference; fileEncoding = 4; lastKnownFileType = sourcecode.c.h; name = ProfileTVC.h; path = "Happening/Create Tab/ProfileTVC.h"; sourceTree = SOURCE_ROOT; };
		507677D21A88761100B9F21D /* ProfileTVC.m */ = {isa = PBXFileReference; fileEncoding = 4; lastKnownFileType = sourcecode.c.objc; name = ProfileTVC.m; path = "Happening/Create Tab/ProfileTVC.m"; sourceTree = SOURCE_ROOT; };
		5076B5C41A58A0E300B05ABB /* libsqlite3.dylib */ = {isa = PBXFileReference; lastKnownFileType = "compiled.mach-o.dylib"; name = libsqlite3.dylib; path = usr/lib/libsqlite3.dylib; sourceTree = SDKROOT; };
		508FC9A21A8B04A300BF246B /* DragMapViewController.h */ = {isa = PBXFileReference; fileEncoding = 4; lastKnownFileType = sourcecode.c.h; name = DragMapViewController.h; path = "Happening/Discover Tab/DragMapViewController.h"; sourceTree = SOURCE_ROOT; };
		508FC9A31A8B04A300BF246B /* DragMapViewController.m */ = {isa = PBXFileReference; fileEncoding = 4; lastKnownFileType = sourcecode.c.objc; name = DragMapViewController.m; path = "Happening/Discover Tab/DragMapViewController.m"; sourceTree = SOURCE_ROOT; };
		509248F51A58819D002BE584 /* EditExtraInfoTVC.h */ = {isa = PBXFileReference; fileEncoding = 4; lastKnownFileType = sourcecode.c.h; name = EditExtraInfoTVC.h; path = "Happening/Create Tab/EditExtraInfoTVC.h"; sourceTree = SOURCE_ROOT; };
		509248F61A58819D002BE584 /* EditExtraInfoTVC.m */ = {isa = PBXFileReference; fileEncoding = 4; lastKnownFileType = sourcecode.c.objc; name = EditExtraInfoTVC.m; path = "Happening/Create Tab/EditExtraInfoTVC.m"; sourceTree = SOURCE_ROOT; };
		50965A621A76A6DB00EDF5FC /* dropdownSettingsView.h */ = {isa = PBXFileReference; fileEncoding = 4; lastKnownFileType = sourcecode.c.h; name = dropdownSettingsView.h; path = "Happening/Discover Tab/Settings/dropdownSettingsView.h"; sourceTree = SOURCE_ROOT; };
		50965A631A76A6DB00EDF5FC /* dropdownSettingsView.m */ = {isa = PBXFileReference; fileEncoding = 4; lastKnownFileType = sourcecode.c.objc; name = dropdownSettingsView.m; path = "Happening/Discover Tab/Settings/dropdownSettingsView.m"; sourceTree = SOURCE_ROOT; };
		50A677741A59B67C00E1E12A /* RKDropdownAlert.h */ = {isa = PBXFileReference; fileEncoding = 4; lastKnownFileType = sourcecode.c.h; name = RKDropdownAlert.h; path = Happening/Extras/RKDropdownAlert.h; sourceTree = SOURCE_ROOT; };
		50A677751A59B67C00E1E12A /* RKDropdownAlert.m */ = {isa = PBXFileReference; fileEncoding = 4; lastKnownFileType = sourcecode.c.objc; name = RKDropdownAlert.m; path = Happening/Extras/RKDropdownAlert.m; sourceTree = SOURCE_ROOT; };
		50BA96371AC5DDD2006A8A13 /* InitialVC.h */ = {isa = PBXFileReference; fileEncoding = 4; lastKnownFileType = sourcecode.c.h; name = InitialVC.h; path = "Happening/Create Tab/InitialVC.h"; sourceTree = SOURCE_ROOT; };
		50BA96381AC5DDD2006A8A13 /* InitialVC.m */ = {isa = PBXFileReference; fileEncoding = 4; lastKnownFileType = sourcecode.c.objc; name = InitialVC.m; path = "Happening/Create Tab/InitialVC.m"; sourceTree = SOURCE_ROOT; };
		50BF2CE11A75531B00160B5E /* movieLoginVC.h */ = {isa = PBXFileReference; fileEncoding = 4; lastKnownFileType = sourcecode.c.h; name = movieLoginVC.h; path = "Happening/Login Flow/movieLoginVC.h"; sourceTree = SOURCE_ROOT; };
		50BF2CE21A75531B00160B5E /* movieLoginVC.m */ = {isa = PBXFileReference; fileEncoding = 4; lastKnownFileType = sourcecode.c.objc; name = movieLoginVC.m; path = "Happening/Login Flow/movieLoginVC.m"; sourceTree = SOURCE_ROOT; };
		50BF2CE41A758D8300160B5E /* RKSwipeBetweenViewControllers.h */ = {isa = PBXFileReference; fileEncoding = 4; lastKnownFileType = sourcecode.c.h; name = RKSwipeBetweenViewControllers.h; path = Happening/Extras/RKSwipeBetweenViewControllers.h; sourceTree = SOURCE_ROOT; };
		50BF2CE51A758D8300160B5E /* RKSwipeBetweenViewControllers.m */ = {isa = PBXFileReference; fileEncoding = 4; lastKnownFileType = sourcecode.c.objc; name = RKSwipeBetweenViewControllers.m; path = Happening/Extras/RKSwipeBetweenViewControllers.m; sourceTree = SOURCE_ROOT; };
		50C2938E1A83D37A00F9185C /* Happening Intro vid.mp4 */ = {isa = PBXFileReference; lastKnownFileType = file; path = "Happening Intro vid.mp4"; sourceTree = "<group>"; };
		50D252DD1A6385DC0086B7A4 /* HappeningTests.xctest */ = {isa = PBXFileReference; explicitFileType = wrapper.cfbundle; includeInIndex = 0; path = HappeningTests.xctest; sourceTree = BUILT_PRODUCTS_DIR; };
		50F7DEA61A5794D5008B8C2B /* MessageUI.framework */ = {isa = PBXFileReference; lastKnownFileType = wrapper.framework; name = MessageUI.framework; path = System/Library/Frameworks/MessageUI.framework; sourceTree = SDKROOT; };
		50F7DEA81A57B4B8008B8C2B /* UICountingLabel.h */ = {isa = PBXFileReference; fileEncoding = 4; lastKnownFileType = sourcecode.c.h; name = UICountingLabel.h; path = Happening/Extras/UICountingLabel.h; sourceTree = SOURCE_ROOT; };
		50F7DEA91A57B4B8008B8C2B /* UICountingLabel.m */ = {isa = PBXFileReference; fileEncoding = 4; lastKnownFileType = sourcecode.c.objc; name = UICountingLabel.m; path = Happening/Extras/UICountingLabel.m; sourceTree = SOURCE_ROOT; };
		50F7DEAB1A585021008B8C2B /* NewEventFrequencyTVC.h */ = {isa = PBXFileReference; fileEncoding = 4; lastKnownFileType = sourcecode.c.h; name = NewEventFrequencyTVC.h; path = "Happening/Create Tab/NewEventFrequencyTVC.h"; sourceTree = SOURCE_ROOT; };
		50F7DEAC1A585021008B8C2B /* NewEventFrequencyTVC.m */ = {isa = PBXFileReference; fileEncoding = 4; lastKnownFileType = sourcecode.c.objc; name = NewEventFrequencyTVC.m; path = "Happening/Create Tab/NewEventFrequencyTVC.m"; sourceTree = SOURCE_ROOT; };
		50FA6B871A7ECC35009AA6A0 /* TutorialDragView.h */ = {isa = PBXFileReference; fileEncoding = 4; lastKnownFileType = sourcecode.c.h; name = TutorialDragView.h; path = "Happening/Discover Tab/TutorialDragView.h"; sourceTree = SOURCE_ROOT; };
		50FA6B881A7ECC35009AA6A0 /* TutorialDragView.m */ = {isa = PBXFileReference; fileEncoding = 4; lastKnownFileType = sourcecode.c.objc; name = TutorialDragView.m; path = "Happening/Discover Tab/TutorialDragView.m"; sourceTree = SOURCE_ROOT; };
/* End PBXFileReference section */

/* Begin PBXFrameworksBuildPhase section */
		50248C3319BBA4C300329910 /* Frameworks */ = {
			isa = PBXFrameworksBuildPhase;
			buildActionMask = 2147483647;
			files = (
				50248C8919BBAB3D00329910 /* SystemConfiguration.framework in Frameworks */,
				5028639B1AC3FFF80029BD15 /* FBSDKShareKit.framework in Frameworks */,
				505F9FBC1A98C33B00CE5C7E /* EventKit.framework in Frameworks */,
				505F9FBD1A98C33B00CE5C7E /* EventKitUI.framework in Frameworks */,
				505CDD5D1A65B5DF005876DC /* libstdc++.6.0.9.dylib in Frameworks */,
				5028639A1AC3FFF80029BD15 /* FBSDKMessengerShareKit.framework in Frameworks */,
				505CDD5B1A65B5D0005876DC /* libsqlite3.0.dylib in Frameworks */,
				505CDD591A65B5BF005876DC /* Social.framework in Frameworks */,
				505CDD571A65B5BA005876DC /* Accounts.framework in Frameworks */,
				5076B5C51A58A0E300B05ABB /* libsqlite3.dylib in Frameworks */,
				502863871AC3FDDE0029BD15 /* Parse.framework in Frameworks */,
				50F7DEA71A5794D6008B8C2B /* MessageUI.framework in Frameworks */,
				50594CD01A2FAD1B00749B49 /* AddressBook.framework in Frameworks */,
				50248C8319BBAB2800329910 /* QuartzCore.framework in Frameworks */,
				500910FA19C9FCCD006542CA /* OpenGLES.framework in Frameworks */,
				500910F819C9FCB4006542CA /* libicucore.dylib in Frameworks */,
				500910F619C9FCA9006542CA /* libc++.dylib in Frameworks */,
				502863961AC3FFF80029BD15 /* Bolts.framework in Frameworks */,
				5028638B1AC3FDDE0029BD15 /* ParseUI.framework in Frameworks */,
				500910F419C9FC8D006542CA /* ImageIO.framework in Frameworks */,
				502863971AC3FFF80029BD15 /* FBAudienceNetwork.framework in Frameworks */,
				502863981AC3FFF80029BD15 /* FBSDKCoreKit.framework in Frameworks */,
				500910F219C9FC69006542CA /* GLKit.framework in Frameworks */,
				500910F019C9FC06006542CA /* CoreData.framework in Frameworks */,
				500910EE19C9FBE9006542CA /* AVFoundation.framework in Frameworks */,
				502863881AC3FDDE0029BD15 /* ParseCrashReporting.framework in Frameworks */,
				50248C8719BBAB3500329910 /* StoreKit.framework in Frameworks */,
				50248C8519BBAB2F00329910 /* Security.framework in Frameworks */,
				50248C8119BBAB2000329910 /* MobileCoreServices.framework in Frameworks */,
				50248C7F19BBAB1300329910 /* libz.dylib in Frameworks */,
				50248C7D19BBAB0A00329910 /* CoreLocation.framework in Frameworks */,
				50248C7B19BBAB0300329910 /* CoreGraphics.framework in Frameworks */,
				50248C7919BBAAF800329910 /* CFNetwork.framework in Frameworks */,
				502863991AC3FFF80029BD15 /* FBSDKLoginKit.framework in Frameworks */,
				50248C7719BBAAE000329910 /* AudioToolbox.framework in Frameworks */,
				5028638A1AC3FDDE0029BD15 /* ParseFacebookUtilsV4.framework in Frameworks */,
			);
			runOnlyForDeploymentPostprocessing = 0;
		};
		50D252DA1A6385DC0086B7A4 /* Frameworks */ = {
			isa = PBXFrameworksBuildPhase;
			buildActionMask = 2147483647;
			files = (
			);
			runOnlyForDeploymentPostprocessing = 0;
		};
/* End PBXFrameworksBuildPhase section */

/* Begin PBXGroup section */
		50248C2D19BBA4C300329910 = {
			isa = PBXGroup;
			children = (
				50C2938E1A83D37A00F9185C /* Happening Intro vid.mp4 */,
				50248C3819BBA4C300329910 /* Happening */,
				50248C4F19BBA4C300329910 /* HappeningTests */,
				50248C3719BBA4C300329910 /* Products */,
				50248C7519BBAAB500329910 /* Frameworks */,
			);
			sourceTree = "<group>";
		};
		50248C3719BBA4C300329910 /* Products */ = {
			isa = PBXGroup;
			children = (
				50248C3619BBA4C300329910 /* Happening.app */,
				50D252DD1A6385DC0086B7A4 /* HappeningTests.xctest */,
			);
			name = Products;
			sourceTree = "<group>";
		};
		50248C3819BBA4C300329910 /* Happening */ = {
			isa = PBXGroup;
			children = (
				50478F0C1A44DE5C00161D01 /* Main Files */,
				5041A10E1A44AC9500C151B7 /* Login Flow */,
				5041A1101A44ACF500C151B7 /* Create Tab */,
				5041A10F1A44ACB900C151B7 /* Discover Tab */,
				5041A1141A44ADE100C151B7 /* Attend Tab */,
				5041A1191A44AE7E00C151B7 /* Extras */,
				5041A0BE1A44AC1000C151B7 /* Images.xcassets */,
			);
			name = Happening;
			path = HappeningParse;
			sourceTree = "<group>";
		};
		50248C4F19BBA4C300329910 /* HappeningTests */ = {
			isa = PBXGroup;
			children = (
				504068481A44B1CF00C2CA81 /* HappeningTests.m */,
				50248C5019BBA4C300329910 /* Supporting Files */,
			);
			name = HappeningTests;
			path = HappeningParseTests;
			sourceTree = "<group>";
		};
		50248C5019BBA4C300329910 /* Supporting Files */ = {
			isa = PBXGroup;
			children = (
				504068421A44B13A00C2CA81 /* Info.plist */,
			);
			name = "Supporting Files";
			sourceTree = "<group>";
		};
		50248C7519BBAAB500329910 /* Frameworks */ = {
			isa = PBXGroup;
			children = (
				505F9FBA1A98C33B00CE5C7E /* EventKit.framework */,
				505F9FBB1A98C33B00CE5C7E /* EventKitUI.framework */,
				505CDD5C1A65B5DF005876DC /* libstdc++.6.0.9.dylib */,
				505CDD5A1A65B5D0005876DC /* libsqlite3.0.dylib */,
				505CDD581A65B5BF005876DC /* Social.framework */,
				505CDD561A65B5BA005876DC /* Accounts.framework */,
				503483081A65AF4F00249594 /* libdyld.dylib */,
				5076B5C41A58A0E300B05ABB /* libsqlite3.dylib */,
				502863901AC3FFF80029BD15 /* Bolts.framework */,
				502863911AC3FFF80029BD15 /* FBAudienceNetwork.framework */,
				502863921AC3FFF80029BD15 /* FBSDKCoreKit.framework */,
				502863931AC3FFF80029BD15 /* FBSDKLoginKit.framework */,
				502863941AC3FFF80029BD15 /* FBSDKMessengerShareKit.framework */,
				502863951AC3FFF80029BD15 /* FBSDKShareKit.framework */,
				502863811AC3FDDE0029BD15 /* Parse.framework */,
				502863821AC3FDDE0029BD15 /* ParseCrashReporting.framework */,
				502863841AC3FDDE0029BD15 /* ParseFacebookUtilsV4.framework */,
				502863851AC3FDDE0029BD15 /* ParseUI.framework */,
				50F7DEA61A5794D5008B8C2B /* MessageUI.framework */,
				50594CCF1A2FAD1B00749B49 /* AddressBook.framework */,
				500910F919C9FCCD006542CA /* OpenGLES.framework */,
				500910F719C9FCB4006542CA /* libicucore.dylib */,
				500910F519C9FCA9006542CA /* libc++.dylib */,
				500910F319C9FC8D006542CA /* ImageIO.framework */,
				500910F119C9FC69006542CA /* GLKit.framework */,
				500910EF19C9FC06006542CA /* CoreData.framework */,
				500910ED19C9FBE9006542CA /* AVFoundation.framework */,
				50248C8819BBAB3D00329910 /* SystemConfiguration.framework */,
				50248C8619BBAB3500329910 /* StoreKit.framework */,
				50248C8419BBAB2F00329910 /* Security.framework */,
				50248C8219BBAB2800329910 /* QuartzCore.framework */,
				50248C8019BBAB2000329910 /* MobileCoreServices.framework */,
				50248C7E19BBAB1300329910 /* libz.dylib */,
				50248C7C19BBAB0A00329910 /* CoreLocation.framework */,
				50248C7A19BBAB0300329910 /* CoreGraphics.framework */,
				50248C7819BBAAF800329910 /* CFNetwork.framework */,
				50248C7619BBAAE000329910 /* AudioToolbox.framework */,
			);
			name = Frameworks;
			sourceTree = "<group>";
		};
		5028636A1AC1B2980029BD15 /* unused */ = {
			isa = PBXGroup;
			children = (
				50478EF01A44DD9800161D01 /* SettingsTVC.h */,
				50478EF11A44DD9800161D01 /* SettingsTVC.m */,
				50478EE11A44DD6C00161D01 /* FlippedDVB.h */,
				50478EE21A44DD6C00161D01 /* FlippedDVB.m */,
			);
			name = unused;
			sourceTree = "<group>";
		};
		502863701AC245D50029BD15 /* Unused */ = {
			isa = PBXGroup;
			children = (
				50478F031A44DE1F00161D01 /* MapViewController.h */,
				50478F041A44DE1F00161D01 /* MapViewController.m */,
				50478F121A44DE6900161D01 /* TabBarViewController.h */,
				50478F131A44DE6900161D01 /* TabBarViewController.m */,
				50478F231A45049300161D01 /* MyEventTableCell.h */,
				50478F241A45049300161D01 /* MyEventTableCell.m */,
			);
			name = Unused;
			sourceTree = "<group>";
		};
		502863711AC30A470029BD15 /* Unused */ = {
			isa = PBXGroup;
			children = (
				50478EB11A44DBCC00161D01 /* FirstTimeScreen.h */,
				50478EB21A44DBCC00161D01 /* FirstTimeScreen.m */,
				50478EC11A44DCAD00161D01 /* PageContentViewController.h */,
				50478EC21A44DCAD00161D01 /* PageContentViewController.m */,
				50478EB71A44DBCC00161D01 /* LoginView.h */,
				50478EB81A44DBCC00161D01 /* LoginView.m */,
				50478EB51A44DBCC00161D01 /* LogInExistingUser.h */,
				50478EB61A44DBCC00161D01 /* LogInExistingUser.m */,
				50478EAC1A44DB8D00161D01 /* SplashScreens.h */,
				50478EAD1A44DB8D00161D01 /* SplashScreens.m */,
				50478EAF1A44DBCC00161D01 /* ChoosingLocation.h */,
				50478EB01A44DBCC00161D01 /* ChoosingLocation.m */,
				50478EB31A44DBCC00161D01 /* InitialLocationSearch.h */,
				50478EB41A44DBCC00161D01 /* InitialLocationSearch.m */,
			);
			name = Unused;
			sourceTree = "<group>";
		};
		504068791A44BB1E00C2CA81 /* Open Sans */ = {
			isa = PBXGroup;
			children = (
				50478F191A44DF1500161D01 /* OpenSans-Bold.ttf */,
				50478F1A1A44DF1500161D01 /* OpenSans-BoldItalic.ttf */,
				50478F1B1A44DF1500161D01 /* OpenSans-Extrabold.ttf */,
				50478F1C1A44DF1500161D01 /* OpenSans-ExtraBoldItalic.ttf */,
				50478F1D1A44DF1500161D01 /* OpenSans-Italic.ttf */,
				50478F1E1A44DF1500161D01 /* OpenSans-Light.ttf */,
				50478F1F1A44DF1500161D01 /* OpenSans-LightItalic.ttf */,
				50478F201A44DF1500161D01 /* OpenSans-Regular.ttf */,
				50478F211A44DF1500161D01 /* OpenSans-Semibold.ttf */,
				50478F221A44DF1500161D01 /* OpenSans-SemiboldItalic.ttf */,
			);
			name = "Open Sans";
			path = "../Happening/Open Sans";
			sourceTree = "<group>";
		};
		5041A10D1A44AC5900C151B7 /* Custom Segues */ = {
			isa = PBXGroup;
			children = (
				50478EF41A44DDE300161D01 /* LeftToRightSegue.h */,
				50478EF51A44DDE300161D01 /* LeftToRightSegue.m */,
				50478EF61A44DDE300161D01 /* RightToLeftSegue.h */,
				50478EF71A44DDE300161D01 /* RightToLeftSegue.m */,
			);
			name = "Custom Segues";
			sourceTree = "<group>";
		};
		5041A10E1A44AC9500C151B7 /* Login Flow */ = {
			isa = PBXGroup;
			children = (
				50BF2CE11A75531B00160B5E /* movieLoginVC.h */,
				50BF2CE21A75531B00160B5E /* movieLoginVC.m */,
				50BA96371AC5DDD2006A8A13 /* InitialVC.h */,
				50BA96381AC5DDD2006A8A13 /* InitialVC.m */,
				502863711AC30A470029BD15 /* Unused */,
			);
			name = "Login Flow";
			sourceTree = "<group>";
		};
		5041A10F1A44ACB900C151B7 /* Discover Tab */ = {
			isa = PBXGroup;
			children = (
				5041A1181A44AE5300C151B7 /* Settings */,
				506961F81A8F11CD009CB5DB /* Draggables */,
				506961F91A8F11E4009CB5DB /* Other */,
			);
			name = "Discover Tab";
			sourceTree = "<group>";
		};
		5041A1101A44ACF500C151B7 /* Create Tab */ = {
			isa = PBXGroup;
			children = (
				50512F091ABB45B100118FD9 /* Settings */,
				50512F0A1ABB45B700118FD9 /* Profile */,
				50512F0B1ABB45E600118FD9 /* Create Event */,
				50512F0C1ABB462000118FD9 /* Show Event */,
				50512F0D1ABB464700118FD9 /* Edit Event */,
			);
			name = "Create Tab";
			sourceTree = "<group>";
		};
		5041A1141A44ADE100C151B7 /* Attend Tab */ = {
			isa = PBXGroup;
			children = (
				50478EFA1A44DE0500161D01 /* AttendEvent.h */,
				50478EFB1A44DE0500161D01 /* AttendEvent.m */,
				50478EFC1A44DE0500161D01 /* AttendTableCell.h */,
				50478EFD1A44DE0500161D01 /* AttendTableCell.m */,
				50478EFE1A44DE0500161D01 /* moreDetailFromTable.h */,
				50478EFF1A44DE0500161D01 /* moreDetailFromTable.m */,
			);
			name = "Attend Tab";
			sourceTree = "<group>";
		};
		5041A1181A44AE5300C151B7 /* Settings */ = {
			isa = PBXGroup;
			children = (
				50478EEE1A44DD9800161D01 /* SettingsChoosingLoc.h */,
				50478EEF1A44DD9800161D01 /* SettingsChoosingLoc.m */,
				50965A621A76A6DB00EDF5FC /* dropdownSettingsView.h */,
				50965A631A76A6DB00EDF5FC /* dropdownSettingsView.m */,
			);
			name = Settings;
			sourceTree = "<group>";
		};
		5041A1191A44AE7E00C151B7 /* Extras */ = {
			isa = PBXGroup;
			children = (
				5041A10D1A44AC5900C151B7 /* Custom Segues */,
				50512F1E1ABB719700118FD9 /* SVProgressHUD */,
				504068791A44BB1E00C2CA81 /* Open Sans */,
				50512F061ABB44F200118FD9 /* Navigation & Controllers */,
				50512F071ABB453200118FD9 /* UI & Class Overrides */,
				50512F081ABB459400118FD9 /* General */,
				502863701AC245D50029BD15 /* Unused */,
			);
			name = Extras;
			sourceTree = "<group>";
		};
		50478F0C1A44DE5C00161D01 /* Main Files */ = {
			isa = PBXGroup;
			children = (
				50478F0D1A44DE6900161D01 /* AppDelegate.h */,
				50478F0E1A44DE6900161D01 /* AppDelegate.m */,
				50478F0F1A44DE6900161D01 /* Info.plist */,
				50478F101A44DE6900161D01 /* main.m */,
				50478F111A44DE6900161D01 /* Main.storyboard */,
			);
			name = "Main Files";
			sourceTree = "<group>";
		};
		50512F061ABB44F200118FD9 /* Navigation & Controllers */ = {
			isa = PBXGroup;
			children = (
				50BF2CE41A758D8300160B5E /* RKSwipeBetweenViewControllers.h */,
				50BF2CE51A758D8300160B5E /* RKSwipeBetweenViewControllers.m */,
				5031EBEA1A939489007E3523 /* webViewController.h */,
				5031EBEB1A939489007E3523 /* webViewController.m */,
			);
			name = "Navigation & Controllers";
			sourceTree = "<group>";
		};
		50512F071ABB453200118FD9 /* UI & Class Overrides */ = {
			isa = PBXGroup;
			children = (
				503ECF651A506815009D30F1 /* MFActivityIndicatorView.h */,
				503ECF661A506815009D30F1 /* MFActivityIndicatorView.m */,
				50478ED91A44DD6C00161D01 /* CustomCalendarActivity.h */,
				50478EDA1A44DD6C00161D01 /* CustomCalendarActivity.m */,
				50478F051A44DE1F00161D01 /* CupertinoYankee.h */,
				50478F061A44DE1F00161D01 /* CupertinoYankee.m */,
				50478EC41A44DD2400161D01 /* buttonOverride.h */,
				50478EC51A44DD2400161D01 /* buttonOverride.m */,
				50478F071A44DE1F00161D01 /* SearchBar.h */,
				50478F081A44DE1F00161D01 /* SearchBar.m */,
				50F7DEA81A57B4B8008B8C2B /* UICountingLabel.h */,
				50F7DEA91A57B4B8008B8C2B /* UICountingLabel.m */,
				506DFD7E1A60A94600715079 /* UIImage+ImageEffects.h */,
				506DFD7F1A60A94600715079 /* UIImage+ImageEffects.m */,
				50512F031AB389B600118FD9 /* UIButton+Extensions.h */,
				50512F041AB389B600118FD9 /* UIButton+Extensions.m */,
			);
			name = "UI & Class Overrides";
			sourceTree = "<group>";
		};
		50512F081ABB459400118FD9 /* General */ = {
			isa = PBXGroup;
			children = (
				5028636D1AC213F20029BD15 /* Reachability.h */,
				5028636E1AC213F20029BD15 /* Reachability.m */,
				50A677741A59B67C00E1E12A /* RKDropdownAlert.h */,
				50A677751A59B67C00E1E12A /* RKDropdownAlert.m */,
				506DFD811A6113CF00715079 /* FXBlurView.h */,
				506DFD821A6113CF00715079 /* FXBlurView.m */,
			);
			name = General;
			sourceTree = "<group>";
		};
		50512F091ABB45B100118FD9 /* Settings */ = {
			isa = PBXGroup;
			children = (
				50512F0F1ABB51DB00118FD9 /* ProfileSettingsTVC.h */,
				50512F101ABB51DB00118FD9 /* ProfileSettingsTVC.m */,
				50512F151ABB6E9100118FD9 /* NotificationsTVC.h */,
				50512F161ABB6E9100118FD9 /* NotificationsTVC.m */,
				50512F1B1ABB714000118FD9 /* PrivacyTVC.h */,
				50512F1C1ABB714000118FD9 /* PrivacyTVC.m */,
			);
			name = Settings;
			sourceTree = "<group>";
		};
		50512F0A1ABB45B700118FD9 /* Profile */ = {
			isa = PBXGroup;
			children = (
				507677D11A88761100B9F21D /* ProfileTVC.h */,
				507677D21A88761100B9F21D /* ProfileTVC.m */,
			);
			name = Profile;
			sourceTree = "<group>";
		};
		50512F0B1ABB45E600118FD9 /* Create Event */ = {
			isa = PBXGroup;
			children = (
				50478EC81A44DD2400161D01 /* EventTVC.h */,
				50478EC91A44DD2400161D01 /* EventTVC.m */,
				50478ECA1A44DD2400161D01 /* ExtraInfoTVC.h */,
				50478ECB1A44DD2400161D01 /* ExtraInfoTVC.m */,
				50F7DEAB1A585021008B8C2B /* NewEventFrequencyTVC.h */,
				50F7DEAC1A585021008B8C2B /* NewEventFrequencyTVC.m */,
				50478ECC1A44DD2400161D01 /* LocationSearching.h */,
				50478ECD1A44DD2400161D01 /* LocationSearching.m */,
				50512F0E1ABB466700118FD9 /* Unused */,
			);
			name = "Create Event";
			sourceTree = "<group>";
		};
		50512F0C1ABB462000118FD9 /* Show Event */ = {
			isa = PBXGroup;
			children = (
				50478ED01A44DD2400161D01 /* showMyEventVC.h */,
				50478ED11A44DD2400161D01 /* showMyEventVC.m */,
			);
			name = "Show Event";
			sourceTree = "<group>";
		};
		50512F0D1ABB464700118FD9 /* Edit Event */ = {
			isa = PBXGroup;
			children = (
				50478EC61A44DD2400161D01 /* EditEventTVC.h */,
				50478EC71A44DD2400161D01 /* EditEventTVC.m */,
				509248F51A58819D002BE584 /* EditExtraInfoTVC.h */,
				509248F61A58819D002BE584 /* EditExtraInfoTVC.m */,
			);
			name = "Edit Event";
			sourceTree = "<group>";
		};
		50512F0E1ABB466700118FD9 /* Unused */ = {
			isa = PBXGroup;
			children = (
				50478ECE1A44DD2400161D01 /* MyEventsTVC.h */,
				50478ECF1A44DD2400161D01 /* MyEventsTVC.m */,
			);
			name = Unused;
			sourceTree = "<group>";
		};
		50512F1E1ABB719700118FD9 /* SVProgressHUD */ = {
			isa = PBXGroup;
			children = (
				50512F1F1ABB719700118FD9 /* SVIndefiniteAnimatedView.h */,
				50512F201ABB719700118FD9 /* SVIndefiniteAnimatedView.m */,
				50512F211ABB719700118FD9 /* SVProgressHUD-Prefix.pch */,
				50512F221ABB719700118FD9 /* SVProgressHUD.bundle */,
				50512F231ABB719700118FD9 /* SVProgressHUD.h */,
				50512F241ABB719700118FD9 /* SVProgressHUD.m */,
			);
			name = SVProgressHUD;
			path = Happening/Extras/SVProgressHUD;
			sourceTree = SOURCE_ROOT;
		};
		506961F81A8F11CD009CB5DB /* Draggables */ = {
			isa = PBXGroup;
			children = (
				50478EDB1A44DD6C00161D01 /* DraggableView.h */,
				50478EDC1A44DD6C00161D01 /* DraggableView.m */,
				50478EDD1A44DD6C00161D01 /* DraggableViewBackground.h */,
				50478EDE1A44DD6C00161D01 /* DraggableViewBackground.m */,
				50478EDF1A44DD6C00161D01 /* DragViewController.h */,
				50478EE01A44DD6C00161D01 /* DragViewController.m */,
				508FC9A21A8B04A300BF246B /* DragMapViewController.h */,
				508FC9A31A8B04A300BF246B /* DragMapViewController.m */,
			);
			name = Draggables;
			sourceTree = "<group>";
		};
		506961F91A8F11E4009CB5DB /* Other */ = {
			isa = PBXGroup;
			children = (
				50478EE31A44DD6C00161D01 /* moreDetailFromCard.h */,
				50478EE41A44DD6C00161D01 /* moreDetailFromCard.m */,
				50478EE51A44DD6C00161D01 /* OverlayView.h */,
				50478EE61A44DD6C00161D01 /* OverlayView.m */,
				50FA6B871A7ECC35009AA6A0 /* TutorialDragView.h */,
				50FA6B881A7ECC35009AA6A0 /* TutorialDragView.m */,
				506961FA1A8F122C009CB5DB /* ExternalProfileTVC.h */,
				506961FB1A8F122C009CB5DB /* ExternalProfileTVC.m */,
				5028636A1AC1B2980029BD15 /* unused */,
			);
			name = Other;
			sourceTree = "<group>";
		};
/* End PBXGroup section */

/* Begin PBXNativeTarget section */
		50248C3519BBA4C300329910 /* Happening */ = {
			isa = PBXNativeTarget;
			buildConfigurationList = 50248C5619BBA4C300329910 /* Build configuration list for PBXNativeTarget "Happening" */;
			buildPhases = (
				50248C3219BBA4C300329910 /* Sources */,
				50248C3319BBA4C300329910 /* Frameworks */,
				50248C3419BBA4C300329910 /* Resources */,
			);
			buildRules = (
			);
			dependencies = (
			);
			name = Happening;
			productName = HappeningParse;
			productReference = 50248C3619BBA4C300329910 /* Happening.app */;
			productType = "com.apple.product-type.application";
		};
		50D252DC1A6385DC0086B7A4 /* HappeningTests */ = {
			isa = PBXNativeTarget;
			buildConfigurationList = 50D252E51A6385DD0086B7A4 /* Build configuration list for PBXNativeTarget "HappeningTests" */;
			buildPhases = (
				50D252D91A6385DC0086B7A4 /* Sources */,
				50D252DA1A6385DC0086B7A4 /* Frameworks */,
				50D252DB1A6385DC0086B7A4 /* Resources */,
			);
			buildRules = (
			);
			dependencies = (
				50D252E41A6385DC0086B7A4 /* PBXTargetDependency */,
			);
			name = HappeningTests;
			productName = HappeningTests;
			productReference = 50D252DD1A6385DC0086B7A4 /* HappeningTests.xctest */;
			productType = "com.apple.product-type.bundle.unit-test";
		};
/* End PBXNativeTarget section */

/* Begin PBXProject section */
		50248C2E19BBA4C300329910 /* Project object */ = {
			isa = PBXProject;
			attributes = {
				LastUpgradeCheck = 0610;
				ORGANIZATIONNAME = Happening;
				TargetAttributes = {
					50248C3519BBA4C300329910 = {
						CreatedOnToolsVersion = 6.0;
						DevelopmentTeam = 9536BXJVRW;
						SystemCapabilities = {
							com.apple.Maps.iOS = {
								enabled = 0;
							};
						};
					};
					50D252DC1A6385DC0086B7A4 = {
						CreatedOnToolsVersion = 6.2;
						TestTargetID = 50248C3519BBA4C300329910;
					};
				};
			};
			buildConfigurationList = 50248C3119BBA4C300329910 /* Build configuration list for PBXProject "Happening" */;
			compatibilityVersion = "Xcode 3.2";
			developmentRegion = English;
			hasScannedForEncodings = 0;
			knownRegions = (
				en,
				Base,
				he,
			);
			mainGroup = 50248C2D19BBA4C300329910;
			productRefGroup = 50248C3719BBA4C300329910 /* Products */;
			projectDirPath = "";
			projectRoot = "";
			targets = (
				50248C3519BBA4C300329910 /* Happening */,
				50D252DC1A6385DC0086B7A4 /* HappeningTests */,
			);
		};
/* End PBXProject section */

/* Begin PBXResourcesBuildPhase section */
		50248C3419BBA4C300329910 /* Resources */ = {
			isa = PBXResourcesBuildPhase;
			buildActionMask = 2147483647;
			files = (
				50D255A41A6388A10086B7A4 /* OpenSans-Extrabold.ttf in Resources */,
				506DC53E1A46014300DD4591 /* OpenSans-Bold.ttf in Resources */,
				506DC53F1A46014300DD4591 /* OpenSans-BoldItalic.ttf in Resources */,
				506DC5411A46014300DD4591 /* OpenSans-ExtraBoldItalic.ttf in Resources */,
				506DC5421A46014300DD4591 /* OpenSans-Italic.ttf in Resources */,
				506DC5431A46014300DD4591 /* OpenSans-Light.ttf in Resources */,
				506DC5441A46014300DD4591 /* OpenSans-LightItalic.ttf in Resources */,
				50C2938F1A83D37A00F9185C /* Happening Intro vid.mp4 in Resources */,
				506DC5451A46014300DD4591 /* OpenSans-Regular.ttf in Resources */,
				506DC5461A46014300DD4591 /* OpenSans-Semibold.ttf in Resources */,
				50512F261ABB719700118FD9 /* SVProgressHUD.bundle in Resources */,
				50A677691A58A57800E1E12A /* Info.plist in Resources */,
				506DC5471A46014300DD4591 /* OpenSans-SemiboldItalic.ttf in Resources */,
				5041A0F71A44AC1000C151B7 /* Images.xcassets in Resources */,
				50478F171A44DE6900161D01 /* Main.storyboard in Resources */,
			);
			runOnlyForDeploymentPostprocessing = 0;
		};
		50D252DB1A6385DC0086B7A4 /* Resources */ = {
			isa = PBXResourcesBuildPhase;
			buildActionMask = 2147483647;
			files = (
			);
			runOnlyForDeploymentPostprocessing = 0;
		};
/* End PBXResourcesBuildPhase section */

/* Begin PBXSourcesBuildPhase section */
		50248C3219BBA4C300329910 /* Sources */ = {
			isa = PBXSourcesBuildPhase;
			buildActionMask = 2147483647;
			files = (
				506961FC1A8F122C009CB5DB /* ExternalProfileTVC.m in Sources */,
				507677D31A88761100B9F21D /* ProfileTVC.m in Sources */,
				50512F251ABB719700118FD9 /* SVIndefiniteAnimatedView.m in Sources */,
				509248F71A58819D002BE584 /* EditExtraInfoTVC.m in Sources */,
				50478EEB1A44DD6C00161D01 /* FlippedDVB.m in Sources */,
				50478ED71A44DD2400161D01 /* MyEventsTVC.m in Sources */,
				50512F171ABB6E9100118FD9 /* NotificationsTVC.m in Sources */,
				50BA96391AC5DDD2006A8A13 /* InitialVC.m in Sources */,
				50512F1D1ABB714000118FD9 /* PrivacyTVC.m in Sources */,
				50512F271ABB719700118FD9 /* SVProgressHUD.m in Sources */,
				50478EF31A44DD9800161D01 /* SettingsTVC.m in Sources */,
				50F7DEAA1A57B4B8008B8C2B /* UICountingLabel.m in Sources */,
				50478EC31A44DCAD00161D01 /* PageContentViewController.m in Sources */,
				50478EBD1A44DBCC00161D01 /* InitialLocationSearch.m in Sources */,
				50478EBE1A44DBCC00161D01 /* LogInExistingUser.m in Sources */,
				50478ED31A44DD2400161D01 /* EditEventTVC.m in Sources */,
				50478F0A1A44DE1F00161D01 /* CupertinoYankee.m in Sources */,
				50478ED61A44DD2400161D01 /* LocationSearching.m in Sources */,
				50478EF21A44DD9800161D01 /* SettingsChoosingLoc.m in Sources */,
				50478EEA1A44DD6C00161D01 /* DragViewController.m in Sources */,
				50478EBB1A44DBCC00161D01 /* ChoosingLocation.m in Sources */,
				50A677761A59B67C00E1E12A /* RKDropdownAlert.m in Sources */,
				50478F001A44DE0500161D01 /* AttendEvent.m in Sources */,
				5031EBEC1A939489007E3523 /* webViewController.m in Sources */,
				5028636F1AC213F20029BD15 /* Reachability.m in Sources */,
				50478ED51A44DD2400161D01 /* ExtraInfoTVC.m in Sources */,
				50478EF81A44DDE300161D01 /* LeftToRightSegue.m in Sources */,
				50478F181A44DE6900161D01 /* TabBarViewController.m in Sources */,
				50478EE71A44DD6C00161D01 /* CustomCalendarActivity.m in Sources */,
				50BF2CE31A75531B00160B5E /* movieLoginVC.m in Sources */,
				50478EE81A44DD6C00161D01 /* DraggableView.m in Sources */,
				50478EAE1A44DB8D00161D01 /* SplashScreens.m in Sources */,
				50478ED21A44DD2400161D01 /* buttonOverride.m in Sources */,
				506DFD831A6113CF00715079 /* FXBlurView.m in Sources */,
				503ECF671A506815009D30F1 /* MFActivityIndicatorView.m in Sources */,
				508FC9A41A8B04A300BF246B /* DragMapViewController.m in Sources */,
				50478EBF1A44DBCC00161D01 /* LoginView.m in Sources */,
				50478F251A45049300161D01 /* MyEventTableCell.m in Sources */,
				50478EF91A44DDE300161D01 /* RightToLeftSegue.m in Sources */,
				50478EE91A44DD6C00161D01 /* DraggableViewBackground.m in Sources */,
				50478F091A44DE1F00161D01 /* MapViewController.m in Sources */,
				50965A641A76A6DB00EDF5FC /* dropdownSettingsView.m in Sources */,
				50478F021A44DE0500161D01 /* moreDetailFromTable.m in Sources */,
				50F7DEAD1A585021008B8C2B /* NewEventFrequencyTVC.m in Sources */,
				50478EED1A44DD6C00161D01 /* OverlayView.m in Sources */,
				50478F0B1A44DE1F00161D01 /* SearchBar.m in Sources */,
				50478EEC1A44DD6C00161D01 /* moreDetailFromCard.m in Sources */,
				50478ED41A44DD2400161D01 /* EventTVC.m in Sources */,
				50478F011A44DE0500161D01 /* AttendTableCell.m in Sources */,
				50FA6B891A7ECC35009AA6A0 /* TutorialDragView.m in Sources */,
				50512F111ABB51DB00118FD9 /* ProfileSettingsTVC.m in Sources */,
				50478ED81A44DD2400161D01 /* showMyEventVC.m in Sources */,
				50BF2CE61A758D8300160B5E /* RKSwipeBetweenViewControllers.m in Sources */,
				50478EBC1A44DBCC00161D01 /* FirstTimeScreen.m in Sources */,
				50F7DEA51A5643A6008B8C2B /* main.m in Sources */,
				50512F051AB389B600118FD9 /* UIButton+Extensions.m in Sources */,
				506DFD801A60A94600715079 /* UIImage+ImageEffects.m in Sources */,
				50478F141A44DE6900161D01 /* AppDelegate.m in Sources */,
			);
			runOnlyForDeploymentPostprocessing = 0;
		};
		50D252D91A6385DC0086B7A4 /* Sources */ = {
			isa = PBXSourcesBuildPhase;
			buildActionMask = 2147483647;
			files = (
			);
			runOnlyForDeploymentPostprocessing = 0;
		};
/* End PBXSourcesBuildPhase section */

/* Begin PBXTargetDependency section */
		50D252E41A6385DC0086B7A4 /* PBXTargetDependency */ = {
			isa = PBXTargetDependency;
			target = 50248C3519BBA4C300329910 /* Happening */;
			targetProxy = 50D252E31A6385DC0086B7A4 /* PBXContainerItemProxy */;
		};
/* End PBXTargetDependency section */

/* Begin XCBuildConfiguration section */
		50248C5419BBA4C300329910 /* Debug */ = {
			isa = XCBuildConfiguration;
			buildSettings = {
				ALWAYS_SEARCH_USER_PATHS = NO;
				CLANG_CXX_LANGUAGE_STANDARD = "gnu++0x";
				CLANG_CXX_LIBRARY = "libc++";
				CLANG_ENABLE_MODULES = YES;
				CLANG_ENABLE_OBJC_ARC = YES;
				CLANG_WARN_BOOL_CONVERSION = YES;
				CLANG_WARN_CONSTANT_CONVERSION = YES;
				CLANG_WARN_DIRECT_OBJC_ISA_USAGE = YES_ERROR;
				CLANG_WARN_EMPTY_BODY = YES;
				CLANG_WARN_ENUM_CONVERSION = YES;
				CLANG_WARN_INT_CONVERSION = YES;
				CLANG_WARN_OBJC_ROOT_CLASS = YES_ERROR;
				CLANG_WARN_UNREACHABLE_CODE = YES;
				CLANG_WARN__DUPLICATE_METHOD_MATCH = YES;
				CODE_SIGN_IDENTITY = "iPhone Developer";
				"CODE_SIGN_IDENTITY[sdk=iphoneos*]" = "iPhone Developer";
				COPY_PHASE_STRIP = NO;
				ENABLE_STRICT_OBJC_MSGSEND = YES;
				GCC_C_LANGUAGE_STANDARD = gnu99;
				GCC_DYNAMIC_NO_PIC = NO;
				GCC_OPTIMIZATION_LEVEL = 0;
				GCC_PREPROCESSOR_DEFINITIONS = (
					"DEBUG=1",
					"$(inherited)",
				);
				GCC_SYMBOLS_PRIVATE_EXTERN = NO;
				GCC_WARN_64_TO_32_BIT_CONVERSION = YES;
				GCC_WARN_ABOUT_RETURN_TYPE = YES_ERROR;
				GCC_WARN_UNDECLARED_SELECTOR = YES;
				GCC_WARN_UNINITIALIZED_AUTOS = YES_AGGRESSIVE;
				GCC_WARN_UNUSED_FUNCTION = YES;
				GCC_WARN_UNUSED_VARIABLE = YES;
				IPHONEOS_DEPLOYMENT_TARGET = 8.0;
				MTL_ENABLE_DEBUG_INFO = YES;
				ONLY_ACTIVE_ARCH = YES;
				OTHER_LDFLAGS = "";
				PRODUCT_NAME = Happening;
				PROVISIONING_PROFILE = "";
				SDKROOT = iphoneos;
			};
			name = Debug;
		};
		50248C5519BBA4C300329910 /* Release */ = {
			isa = XCBuildConfiguration;
			buildSettings = {
				ALWAYS_SEARCH_USER_PATHS = NO;
				CLANG_CXX_LANGUAGE_STANDARD = "gnu++0x";
				CLANG_CXX_LIBRARY = "libc++";
				CLANG_ENABLE_MODULES = YES;
				CLANG_ENABLE_OBJC_ARC = YES;
				CLANG_WARN_BOOL_CONVERSION = YES;
				CLANG_WARN_CONSTANT_CONVERSION = YES;
				CLANG_WARN_DIRECT_OBJC_ISA_USAGE = YES_ERROR;
				CLANG_WARN_EMPTY_BODY = YES;
				CLANG_WARN_ENUM_CONVERSION = YES;
				CLANG_WARN_INT_CONVERSION = YES;
				CLANG_WARN_OBJC_ROOT_CLASS = YES_ERROR;
				CLANG_WARN_UNREACHABLE_CODE = YES;
				CLANG_WARN__DUPLICATE_METHOD_MATCH = YES;
				CODE_SIGN_IDENTITY = "iPhone Developer";
				"CODE_SIGN_IDENTITY[sdk=iphoneos*]" = "iPhone Developer";
				COPY_PHASE_STRIP = YES;
				ENABLE_NS_ASSERTIONS = NO;
				ENABLE_STRICT_OBJC_MSGSEND = YES;
				GCC_C_LANGUAGE_STANDARD = gnu99;
				GCC_WARN_64_TO_32_BIT_CONVERSION = YES;
				GCC_WARN_ABOUT_RETURN_TYPE = YES_ERROR;
				GCC_WARN_UNDECLARED_SELECTOR = YES;
				GCC_WARN_UNINITIALIZED_AUTOS = YES_AGGRESSIVE;
				GCC_WARN_UNUSED_FUNCTION = YES;
				GCC_WARN_UNUSED_VARIABLE = YES;
				IPHONEOS_DEPLOYMENT_TARGET = 8.0;
				MTL_ENABLE_DEBUG_INFO = NO;
				ONLY_ACTIVE_ARCH = NO;
				OTHER_LDFLAGS = "";
				PRODUCT_NAME = Happening;
				PROVISIONING_PROFILE = "";
				SDKROOT = iphoneos;
				VALIDATE_PRODUCT = YES;
			};
			name = Release;
		};
		50248C5719BBA4C300329910 /* Debug */ = {
			isa = XCBuildConfiguration;
			buildSettings = {
				ASSETCATALOG_COMPILER_APPICON_NAME = AppIcon;
				ASSETCATALOG_COMPILER_LAUNCHIMAGE_NAME = LaunchImage;
				CODE_SIGN_IDENTITY = "iPhone Developer";
				"CODE_SIGN_IDENTITY[sdk=iphoneos*]" = "iPhone Developer";
				FRAMEWORK_SEARCH_PATHS = (
					"$(inherited)",
					"$(PROJECT_DIR)/Happening/Frameworks/FacebookSDK",
					"$(PROJECT_DIR)/Happening/Frameworks/parse-library",
				);
				INFOPLIST_FILE = "$(SRCROOT)/Happening/Main Files/Info.plist";
				IPHONEOS_DEPLOYMENT_TARGET = 7.1;
				LD_RUNPATH_SEARCH_PATHS = "$(inherited) @executable_path/Frameworks";
				LIBRARY_SEARCH_PATHS = (
					"$(inherited)",
					"$(SDKROOT)/usr/lib/system",
				);
				OTHER_LDFLAGS = "";
				PRODUCT_NAME = "${PRODUCT_NAME}";
				PROVISIONING_PROFILE = "";
			};
			name = Debug;
		};
		50248C5819BBA4C300329910 /* Release */ = {
			isa = XCBuildConfiguration;
			buildSettings = {
				ASSETCATALOG_COMPILER_APPICON_NAME = AppIcon;
				ASSETCATALOG_COMPILER_LAUNCHIMAGE_NAME = LaunchImage;
				CODE_SIGN_IDENTITY = "iPhone Developer";
				"CODE_SIGN_IDENTITY[sdk=iphoneos*]" = "iPhone Developer";
				FRAMEWORK_SEARCH_PATHS = (
					"$(inherited)",
					"$(PROJECT_DIR)/Happening/Frameworks/FacebookSDK",
					"$(PROJECT_DIR)/Happening/Frameworks/parse-library",
				);
				INFOPLIST_FILE = "$(SRCROOT)/Happening/Main Files/Info.plist";
				IPHONEOS_DEPLOYMENT_TARGET = 7.1;
				LD_RUNPATH_SEARCH_PATHS = "$(inherited) @executable_path/Frameworks";
				LIBRARY_SEARCH_PATHS = (
					"$(inherited)",
					"$(SDKROOT)/usr/lib/system",
				);
				OTHER_LDFLAGS = "";
				PRODUCT_NAME = "${PRODUCT_NAME}";
				PROVISIONING_PROFILE = "";
			};
			name = Release;
		};
		50D252E61A6385DD0086B7A4 /* Debug */ = {
			isa = XCBuildConfiguration;
			buildSettings = {
				BUNDLE_LOADER = "$(TEST_HOST)";
				CODE_SIGN_IDENTITY = "iPhone Developer";
				FRAMEWORK_SEARCH_PATHS = (
					"$(SDKROOT)/Developer/Library/Frameworks",
					"$(inherited)",
				);
				GCC_PREPROCESSOR_DEFINITIONS = (
					"DEBUG=1",
					"$(inherited)",
				);
				INFOPLIST_FILE = HappeningTests/Info.plist;
				IPHONEOS_DEPLOYMENT_TARGET = 8.0;
				LD_RUNPATH_SEARCH_PATHS = "$(inherited) @executable_path/Frameworks @loader_path/Frameworks";
				PRODUCT_NAME = "$(TARGET_NAME)";
				TEST_HOST = "$(BUILT_PRODUCTS_DIR)/Happening.app/Happening";
			};
			name = Debug;
		};
		50D252E71A6385DD0086B7A4 /* Release */ = {
			isa = XCBuildConfiguration;
			buildSettings = {
				BUNDLE_LOADER = "$(TEST_HOST)";
				CODE_SIGN_IDENTITY = "iPhone Developer";
				COPY_PHASE_STRIP = NO;
				FRAMEWORK_SEARCH_PATHS = (
					"$(SDKROOT)/Developer/Library/Frameworks",
					"$(inherited)",
				);
				INFOPLIST_FILE = HappeningTests/Info.plist;
				IPHONEOS_DEPLOYMENT_TARGET = 8.0;
				LD_RUNPATH_SEARCH_PATHS = "$(inherited) @executable_path/Frameworks @loader_path/Frameworks";
				PRODUCT_NAME = "$(TARGET_NAME)";
				TEST_HOST = "$(BUILT_PRODUCTS_DIR)/Happening.app/Happening";
			};
			name = Release;
		};
/* End XCBuildConfiguration section */

/* Begin XCConfigurationList section */
		50248C3119BBA4C300329910 /* Build configuration list for PBXProject "Happening" */ = {
			isa = XCConfigurationList;
			buildConfigurations = (
				50248C5419BBA4C300329910 /* Debug */,
				50248C5519BBA4C300329910 /* Release */,
			);
			defaultConfigurationIsVisible = 0;
			defaultConfigurationName = Release;
		};
		50248C5619BBA4C300329910 /* Build configuration list for PBXNativeTarget "Happening" */ = {
			isa = XCConfigurationList;
			buildConfigurations = (
				50248C5719BBA4C300329910 /* Debug */,
				50248C5819BBA4C300329910 /* Release */,
			);
			defaultConfigurationIsVisible = 0;
			defaultConfigurationName = Release;
		};
		50D252E51A6385DD0086B7A4 /* Build configuration list for PBXNativeTarget "HappeningTests" */ = {
			isa = XCConfigurationList;
			buildConfigurations = (
				50D252E61A6385DD0086B7A4 /* Debug */,
				50D252E71A6385DD0086B7A4 /* Release */,
			);
			defaultConfigurationIsVisible = 0;
			defaultConfigurationName = Release;
		};
/* End XCConfigurationList section */
	};
	rootObject = 50248C2E19BBA4C300329910 /* Project object */;
}
